{
  "version": 4,
  "terraform_version": "1.7.5",
  "serial": 585,
  "lineage": "d5bf0e88-7983-97cc-41ac-fe40bdf68e8c",
  "outputs": {},
  "resources": [
    {
      "mode": "data",
      "type": "archive_file",
      "name": "zip",
      "provider": "provider[\"registry.terraform.io/hashicorp/archive\"]",
      "instances": [
        {
          "schema_version": 0,
          "attributes": {
            "exclude_symlink_directories": null,
            "excludes": null,
            "id": "2a7a7e32791b4dd8cb766d4aca84e1d8d5064901",
            "output_base64sha256": "4ocT3HmShf9wooMWjjaWaTUXXINQjcyz069jFcSpKPg=",
            "output_base64sha512": "XtzAeR+NNcCcPnhh0lx8GrtS9GKav0u9Br7NkiO19wDE9GFNGWP7HOcFi27n2Y3vPJ05KKYwLHztLJiTZMhZRg==",
            "output_file_mode": null,
            "output_md5": "dcdf7ca8b0cdae5a78e8904617290ac0",
            "output_path": "./packedLambda.zip",
            "output_sha": "2a7a7e32791b4dd8cb766d4aca84e1d8d5064901",
            "output_sha256": "e28713dc799285ff70a283168e36966935175c83508dccb3d3af6315c4a928f8",
            "output_sha512": "5edcc0791f8d35c09c3e7861d25c7c1abb52f4629abf4bbd06becd9223b5f700c4f4614d1963fb1ce7058b6ee7d98def3c9d3928a6302c7ced2c989364c85946",
            "output_size": 348,
            "source": [],
            "source_content": null,
            "source_content_filename": null,
            "source_dir": "./lambda/",
            "source_file": null,
            "type": "zip"
          },
          "sensitive_attributes": []
        }
      ]
    },
    {
      "mode": "data",
      "type": "aws_iam_policy_document",
      "name": "crc_bucket_policy",
      "provider": "provider[\"registry.terraform.io/hashicorp/aws\"]",
      "instances": [
        {
          "schema_version": 0,
          "attributes": {
            "id": "2145659564",
            "json": "{\n  \"Version\": \"2008-10-17\",\n  \"Statement\": [\n    {\n      \"Sid\": \"AllowCloudFrontServicePrincipal\",\n      \"Effect\": \"Allow\",\n      \"Action\": \"s3:GetObject\",\n      \"Resource\": \"arn:aws:s3:::gjd-crc-prod-bucket/*\",\n      \"Principal\": {\n        \"Service\": \"cloudfront.amazonaws.com\"\n      },\n      \"Condition\": {\n        \"StringEquals\": {\n          \"AWS:SourceArn\": \"arn:aws:cloudfront::637423291027:distribution/E11T373SJ334VT\"\n        }\n      }\n    }\n  ]\n}",
            "override_policy_documents": null,
            "policy_id": null,
            "source_policy_documents": null,
            "statement": [
              {
                "actions": [
                  "s3:GetObject"
                ],
                "condition": [
                  {
                    "test": "StringEquals",
                    "values": [
                      "arn:aws:cloudfront::637423291027:distribution/E11T373SJ334VT"
                    ],
                    "variable": "AWS:SourceArn"
                  }
                ],
                "effect": "Allow",
                "not_actions": [],
                "not_principals": [],
                "not_resources": [],
                "principals": [
                  {
                    "identifiers": [
                      "cloudfront.amazonaws.com"
                    ],
                    "type": "Service"
                  }
                ],
                "resources": [
                  "arn:aws:s3:::gjd-crc-prod-bucket/*"
                ],
                "sid": "AllowCloudFrontServicePrincipal"
              }
            ],
            "version": "2008-10-17"
          },
          "sensitive_attributes": []
        }
      ]
    },
    {
      "mode": "managed",
      "type": "aws_acm_certificate",
      "name": "crc_ssl_cert",
      "provider": "provider[\"registry.terraform.io/hashicorp/aws\"]",
      "instances": [
        {
          "schema_version": 0,
          "attributes": {
            "arn": "arn:aws:acm:us-east-1:637423291027:certificate/b117be29-e93f-4204-aadb-338789c87e47",
            "certificate_authority_arn": "",
            "certificate_body": null,
            "certificate_chain": null,
            "domain_name": "resume.robotra.sh",
            "domain_validation_options": [],
            "early_renewal_duration": "",
            "id": "arn:aws:acm:us-east-1:637423291027:certificate/b117be29-e93f-4204-aadb-338789c87e47",
            "key_algorithm": "RSA_2048",
            "not_after": "2025-05-03T23:59:59Z",
            "not_before": "2024-04-03T00:00:00Z",
            "options": [
              {
                "certificate_transparency_logging_preference": "ENABLED"
              }
            ],
            "pending_renewal": false,
            "private_key": null,
            "renewal_eligibility": "ELIGIBLE",
            "renewal_summary": [],
            "status": "ISSUED",
            "subject_alternative_names": [
              "resume.robotra.sh",
              "www.resume.robotra.sh"
            ],
            "tags": {
              "project": "Cloud Resume Challenge"
            },
            "tags_all": {
              "project": "Cloud Resume Challenge"
            },
            "type": "AMAZON_ISSUED",
            "validation_emails": [
              "admin@resume.robotra.sh",
              "administrator@resume.robotra.sh",
              "hostmaster@resume.robotra.sh",
              "postmaster@resume.robotra.sh",
              "webmaster@resume.robotra.sh",
              "admin@www.resume.robotra.sh",
              "administrator@www.resume.robotra.sh",
              "hostmaster@www.resume.robotra.sh",
              "postmaster@www.resume.robotra.sh",
              "webmaster@www.resume.robotra.sh"
            ],
            "validation_method": "EMAIL",
            "validation_option": []
          },
          "sensitive_attributes": [],
          "private": "bnVsbA==",
          "create_before_destroy": true
        }
      ]
    },
    {
      "mode": "managed",
      "type": "aws_cloudfront_distribution",
      "name": "crc_prod_cfdist",
      "provider": "provider[\"registry.terraform.io/hashicorp/aws\"]",
      "instances": [
        {
          "schema_version": 1,
          "attributes": {
            "aliases": [
              "resume.robotra.sh",
              "www.resume.robotra.sh"
            ],
            "arn": "arn:aws:cloudfront::637423291027:distribution/E11T373SJ334VT",
            "caller_reference": "terraform-20240403014133596600000001",
            "comment": null,
            "continuous_deployment_policy_id": "",
            "custom_error_response": [],
            "default_cache_behavior": [
              {
                "allowed_methods": [
                  "GET",
                  "HEAD"
                ],
                "cache_policy_id": "658327ea-f89d-4fab-a63d-7e88639e58f6",
                "cached_methods": [
                  "GET",
                  "HEAD"
                ],
                "compress": true,
                "default_ttl": 0,
                "field_level_encryption_id": "",
                "forwarded_values": [],
                "function_association": [],
                "lambda_function_association": [],
                "max_ttl": 0,
                "min_ttl": 0,
                "origin_request_policy_id": "",
                "realtime_log_config_arn": "",
                "response_headers_policy_id": "",
                "smooth_streaming": false,
                "target_origin_id": "gjd-crc-prod-bucket.s3.us-east-1.amazonaws.com",
                "trusted_key_groups": [],
                "trusted_signers": [],
                "viewer_protocol_policy": "https-only"
              }
            ],
            "default_root_object": "index.html",
            "domain_name": "d4578qcytx0cl.cloudfront.net",
            "enabled": true,
            "etag": "E1TQDM3P0HL91T",
            "hosted_zone_id": "Z2FDTNDATAQYW2",
            "http_version": "http2",
            "id": "E11T373SJ334VT",
            "in_progress_validation_batches": 0,
            "is_ipv6_enabled": true,
            "last_modified_time": "2024-04-08 01:50:35.675 +0000 UTC",
            "logging_config": [],
            "ordered_cache_behavior": [],
            "origin": [
              {
                "connection_attempts": 3,
                "connection_timeout": 10,
                "custom_header": [],
                "custom_origin_config": [],
                "domain_name": "gjd-crc-prod-bucket.s3.us-east-1.amazonaws.com",
                "origin_access_control_id": "E1L1QOWTFQD8D8",
                "origin_id": "gjd-crc-prod-bucket.s3.us-east-1.amazonaws.com",
                "origin_path": "",
                "origin_shield": [],
                "s3_origin_config": []
              }
            ],
            "origin_group": [],
            "price_class": "PriceClass_All",
            "restrictions": [
              {
                "geo_restriction": [
                  {
                    "locations": [],
                    "restriction_type": "none"
                  }
                ]
              }
            ],
            "retain_on_delete": false,
            "staging": false,
            "status": "Deployed",
            "tags": {},
            "tags_all": {},
            "trusted_key_groups": [
              {
                "enabled": false,
                "items": []
              }
            ],
            "trusted_signers": [
              {
                "enabled": false,
                "items": []
              }
            ],
            "viewer_certificate": [
              {
                "acm_certificate_arn": "arn:aws:acm:us-east-1:637423291027:certificate/b117be29-e93f-4204-aadb-338789c87e47",
                "cloudfront_default_certificate": false,
                "iam_certificate_id": "",
                "minimum_protocol_version": "TLSv1.2_2021",
                "ssl_support_method": "sni-only"
              }
            ],
            "wait_for_deployment": true,
            "web_acl_id": ""
          },
          "sensitive_attributes": [],
          "private": "eyJzY2hlbWFfdmVyc2lvbiI6IjEifQ==",
          "dependencies": [
            "aws_acm_certificate.crc_ssl_cert",
            "aws_cloudfront_origin_access_control.crc_cf_oac",
            "aws_s3_bucket.gjd_crc_prod_bucket"
          ]
        }
      ]
    },
    {
      "mode": "managed",
      "type": "aws_cloudfront_origin_access_control",
      "name": "crc_cf_oac",
      "provider": "provider[\"registry.terraform.io/hashicorp/aws\"]",
      "instances": [
        {
          "schema_version": 0,
          "attributes": {
            "description": "Managed by Terraform",
            "etag": "ETVPDKIKX0DER",
            "id": "E1L1QOWTFQD8D8",
            "name": "gjd-crc-prod-bucket.s3.us-east-1.amazonaws.com",
            "origin_access_control_origin_type": "s3",
            "signing_behavior": "always",
            "signing_protocol": "sigv4"
          },
          "sensitive_attributes": [],
          "private": "bnVsbA==",
          "dependencies": [
            "aws_s3_bucket.gjd_crc_prod_bucket"
          ]
        }
      ]
    },
    {
      "mode": "managed",
      "type": "aws_dynamodb_table",
      "name": "crc_viewcount_db",
      "provider": "provider[\"registry.terraform.io/hashicorp/aws\"]",
      "instances": [
        {
          "schema_version": 1,
          "attributes": {
            "arn": "arn:aws:dynamodb:us-east-1:637423291027:table/crc-viewcount-db",
            "attribute": [
              {
                "name": "Id",
                "type": "S"
              }
            ],
            "billing_mode": "PROVISIONED",
            "deletion_protection_enabled": false,
            "global_secondary_index": [],
            "hash_key": "Id",
            "id": "crc-viewcount-db",
            "import_table": [],
            "local_secondary_index": [],
            "name": "crc-viewcount-db",
            "point_in_time_recovery": [
              {
                "enabled": false
              }
            ],
            "range_key": null,
            "read_capacity": 1,
            "replica": [],
            "restore_date_time": null,
            "restore_source_name": null,
            "restore_to_latest_time": null,
            "server_side_encryption": [],
            "stream_arn": "",
            "stream_enabled": false,
            "stream_label": "",
            "stream_view_type": "",
            "table_class": "STANDARD",
            "tags": {
              "project": "Cloud Resume Project"
            },
            "tags_all": {
              "project": "Cloud Resume Project"
            },
            "timeouts": null,
            "ttl": [
              {
                "attribute_name": "",
                "enabled": false
              }
            ],
            "write_capacity": 1
          },
          "sensitive_attributes": [],
          "private": "eyJlMmJmYjczMC1lY2FhLTExZTYtOGY4OC0zNDM2M2JjN2M0YzAiOnsiY3JlYXRlIjoxODAwMDAwMDAwMDAwLCJkZWxldGUiOjYwMDAwMDAwMDAwMCwidXBkYXRlIjozNjAwMDAwMDAwMDAwfSwic2NoZW1hX3ZlcnNpb24iOiIxIn0="
        }
      ]
    },
    {
      "mode": "managed",
      "type": "aws_dynamodb_table_item",
      "name": "crc_viewcount_item",
      "provider": "provider[\"registry.terraform.io/hashicorp/aws\"]",
      "instances": [
        {
          "schema_version": 0,
          "attributes": {
            "hash_key": "Id",
            "id": "crc-viewcount-db|Id||ViewCount|",
            "item": "  {\r\n    \"Id\": {\"S\": \"ViewCount\"},\r\n    \"views\": { \"N\": \"23\"}\r\n  }\r\n",
            "range_key": null,
            "table_name": "crc-viewcount-db"
          },
          "sensitive_attributes": [],
          "private": "bnVsbA==",
          "dependencies": [
            "aws_dynamodb_table.crc_viewcount_db"
          ]
        }
      ]
    },
    {
      "mode": "managed",
      "type": "aws_iam_role",
      "name": "crc_lambda_iam",
      "provider": "provider[\"registry.terraform.io/hashicorp/aws\"]",
      "instances": [
        {
          "schema_version": 0,
          "attributes": {
            "arn": "arn:aws:iam::637423291027:role/crc_lambda_iam",
            "assume_role_policy": "{\"Statement\":[{\"Action\":\"sts:AssumeRole\",\"Effect\":\"Allow\",\"Principal\":{\"Service\":\"lambda.amazonaws.com\"},\"Sid\":\"\"}],\"Version\":\"2012-10-17\"}",
            "create_date": "2024-04-03T01:32:18Z",
            "description": "",
            "force_detach_policies": false,
            "id": "crc_lambda_iam",
            "inline_policy": [],
            "managed_policy_arns": [],
            "max_session_duration": 3600,
            "name": "crc_lambda_iam",
            "name_prefix": "",
            "path": "/",
            "permissions_boundary": "",
            "tags": {
              "project": "Cloud Resume Challenge"
            },
            "tags_all": {
              "project": "Cloud Resume Challenge"
            },
            "unique_id": "AROAZI2LDRKJ7TCKHWKCW"
          },
          "sensitive_attributes": [],
          "private": "bnVsbA=="
        }
      ]
    },
    {
      "mode": "managed",
      "type": "aws_lambda_function",
      "name": "crc_lambda_func",
      "provider": "provider[\"registry.terraform.io/hashicorp/aws\"]",
      "instances": [
        {
          "schema_version": 0,
          "attributes": {
            "architectures": [
              "x86_64"
            ],
            "arn": "arn:aws:lambda:us-east-1:637423291027:function:crc_lambda_func",
            "code_signing_config_arn": "",
            "dead_letter_config": [],
            "description": "",
            "environment": [],
            "ephemeral_storage": [
              {
                "size": 512
              }
            ],
            "file_system_config": [],
            "filename": "./packedLambda.zip",
            "function_name": "crc_lambda_func",
            "handler": "func.handler",
            "id": "crc_lambda_func",
            "image_config": [],
            "image_uri": "",
            "invoke_arn": "arn:aws:apigateway:us-east-1:lambda:path/2015-03-31/functions/arn:aws:lambda:us-east-1:637423291027:function:crc_lambda_func/invocations",
            "kms_key_arn": "",
            "last_modified": "2024-04-08T02:07:50.000+0000",
            "layers": [],
            "logging_config": [
              {
                "application_log_level": "",
                "log_format": "Text",
                "log_group": "/aws/lambda/crc_lambda_func",
                "system_log_level": ""
              }
            ],
            "memory_size": 128,
            "package_type": "Zip",
            "publish": false,
            "qualified_arn": "arn:aws:lambda:us-east-1:637423291027:function:crc_lambda_func:$LATEST",
            "qualified_invoke_arn": "arn:aws:apigateway:us-east-1:lambda:path/2015-03-31/functions/arn:aws:lambda:us-east-1:637423291027:function:crc_lambda_func:$LATEST/invocations",
            "replace_security_groups_on_destroy": null,
            "replacement_security_group_ids": null,
            "reserved_concurrent_executions": -1,
            "role": "arn:aws:iam::637423291027:role/crc_lambda_iam",
            "runtime": "python3.12",
            "s3_bucket": null,
            "s3_key": null,
            "s3_object_version": null,
            "signing_job_arn": "",
            "signing_profile_version_arn": "",
            "skip_destroy": false,
            "snap_start": [],
            "source_code_hash": "4ocT3HmShf9wooMWjjaWaTUXXINQjcyz069jFcSpKPg=",
            "source_code_size": 348,
            "tags": {},
            "tags_all": {},
            "timeout": 3,
            "timeouts": null,
            "tracing_config": [
              {
                "mode": "PassThrough"
              }
            ],
            "version": "$LATEST",
            "vpc_config": []
          },
          "sensitive_attributes": [],
          "private": "eyJlMmJmYjczMC1lY2FhLTExZTYtOGY4OC0zNDM2M2JjN2M0YzAiOnsiY3JlYXRlIjo2MDAwMDAwMDAwMDAsImRlbGV0ZSI6NjAwMDAwMDAwMDAwLCJ1cGRhdGUiOjYwMDAwMDAwMDAwMH19",
          "dependencies": [
            "aws_iam_role.crc_lambda_iam",
            "data.archive_file.zip"
          ]
        }
      ]
    },
    {
      "mode": "managed",
      "type": "aws_lambda_function_url",
      "name": "crc_lambda_url",
      "provider": "provider[\"registry.terraform.io/hashicorp/aws\"]",
      "instances": [
        {
          "schema_version": 0,
          "attributes": {
            "authorization_type": "NONE",
            "cors": [
              {
                "allow_credentials": true,
                "allow_headers": [
                  "date",
                  "keep-alive"
                ],
                "allow_methods": [
                  "*"
                ],
                "allow_origins": [
                  "https://resume.robotra.sh"
                ],
                "expose_headers": [
                  "date",
                  "keep-alive"
                ],
                "max_age": 86400
              }
            ],
            "function_arn": "arn:aws:lambda:us-east-1:637423291027:function:crc_lambda_func",
            "function_name": "crc_lambda_func",
            "function_url": "https://5zi62uomfvu76o5x37kazqsuvu0ctoij.lambda-url.us-east-1.on.aws/",
            "id": "crc_lambda_func",
            "invoke_mode": "BUFFERED",
            "qualifier": "",
            "timeouts": null,
            "url_id": "5zi62uomfvu76o5x37kazqsuvu0ctoij"
          },
          "sensitive_attributes": [],
          "private": "eyJlMmJmYjczMC1lY2FhLTExZTYtOGY4OC0zNDM2M2JjN2M0YzAiOnsiY3JlYXRlIjo2MDAwMDAwMDAwMDB9fQ==",
          "dependencies": [
            "aws_iam_role.crc_lambda_iam",
            "aws_lambda_function.crc_lambda_func",
            "data.archive_file.zip"
          ]
        }
      ]
    },
    {
      "mode": "managed",
      "type": "aws_s3_bucket",
      "name": "gjd_crc_prod_bucket",
      "provider": "provider[\"registry.terraform.io/hashicorp/aws\"]",
      "instances": [
        {
          "schema_version": 0,
          "attributes": {
            "acceleration_status": "",
            "acl": null,
            "arn": "arn:aws:s3:::gjd-crc-prod-bucket",
            "bucket": "gjd-crc-prod-bucket",
            "bucket_domain_name": "gjd-crc-prod-bucket.s3.amazonaws.com",
            "bucket_prefix": "",
            "bucket_regional_domain_name": "gjd-crc-prod-bucket.s3.us-east-1.amazonaws.com",
            "cors_rule": [],
            "force_destroy": false,
            "grant": [
              {
                "id": "54368241d9686bea39f3327552419b192f769f1c051c66a31a4b27e97679cdd6",
                "permissions": [
                  "FULL_CONTROL"
                ],
                "type": "CanonicalUser",
                "uri": ""
              }
            ],
            "hosted_zone_id": "Z3AQBSTGFYJSTF",
            "id": "gjd-crc-prod-bucket",
            "lifecycle_rule": [],
            "logging": [],
            "object_lock_configuration": [],
            "object_lock_enabled": false,
            "policy": "{\"Statement\":[{\"Action\":\"s3:GetObject\",\"Condition\":{\"StringEquals\":{\"AWS:SourceArn\":\"arn:aws:cloudfront::637423291027:distribution/E11T373SJ334VT\"}},\"Effect\":\"Allow\",\"Principal\":{\"Service\":\"cloudfront.amazonaws.com\"},\"Resource\":\"arn:aws:s3:::gjd-crc-prod-bucket/*\",\"Sid\":\"AllowCloudFrontServicePrincipal\"}],\"Version\":\"2008-10-17\"}",
            "region": "us-east-1",
            "replication_configuration": [],
            "request_payer": "BucketOwner",
            "server_side_encryption_configuration": [
              {
                "rule": [
                  {
                    "apply_server_side_encryption_by_default": [
                      {
                        "kms_master_key_id": "",
                        "sse_algorithm": "AES256"
                      }
                    ],
                    "bucket_key_enabled": false
                  }
                ]
              }
            ],
            "tags": {
              "project": "Cloud Resume Challenge"
            },
            "tags_all": {
              "project": "Cloud Resume Challenge"
            },
            "timeouts": null,
            "versioning": [
              {
                "enabled": false,
                "mfa_delete": false
              }
            ],
            "website": [],
            "website_domain": null,
            "website_endpoint": null
          },
          "sensitive_attributes": [],
          "private": "eyJlMmJmYjczMC1lY2FhLTExZTYtOGY4OC0zNDM2M2JjN2M0YzAiOnsiY3JlYXRlIjoxMjAwMDAwMDAwMDAwLCJkZWxldGUiOjM2MDAwMDAwMDAwMDAsInJlYWQiOjEyMDAwMDAwMDAwMDAsInVwZGF0ZSI6MTIwMDAwMDAwMDAwMH19"
        }
      ]
    },
    {
      "mode": "managed",
      "type": "aws_s3_bucket_policy",
      "name": "crc_bucket_policy",
      "provider": "provider[\"registry.terraform.io/hashicorp/aws\"]",
      "instances": [
        {
          "schema_version": 0,
          "attributes": {
            "bucket": "gjd-crc-prod-bucket",
            "id": "gjd-crc-prod-bucket",
            "policy": "{\"Statement\":[{\"Action\":\"s3:GetObject\",\"Condition\":{\"StringEquals\":{\"AWS:SourceArn\":\"arn:aws:cloudfront::637423291027:distribution/E11T373SJ334VT\"}},\"Effect\":\"Allow\",\"Principal\":{\"Service\":\"cloudfront.amazonaws.com\"},\"Resource\":\"arn:aws:s3:::gjd-crc-prod-bucket/*\",\"Sid\":\"AllowCloudFrontServicePrincipal\"}],\"Version\":\"2008-10-17\"}"
          },
          "sensitive_attributes": [],
          "private": "bnVsbA==",
          "dependencies": [
            "aws_acm_certificate.crc_ssl_cert",
            "aws_cloudfront_distribution.crc_prod_cfdist",
            "aws_cloudfront_origin_access_control.crc_cf_oac",
            "aws_s3_bucket.gjd_crc_prod_bucket",
            "data.aws_iam_policy_document.crc_bucket_policy"
          ]
        }
      ]
    },
    {
      "mode": "managed",
      "type": "aws_s3_object",
      "name": "website_files",
      "provider": "provider[\"registry.terraform.io/hashicorp/aws\"]",
      "instances": [
        {
          "index_key": "assets/css/fontawesome-all.min.css",
          "schema_version": 0,
          "attributes": {
            "acl": null,
            "arn": "arn:aws:s3:::gjd-crc-prod-bucket/assets/css/fontawesome-all.min.css",
            "bucket": "gjd-crc-prod-bucket",
            "bucket_key_enabled": false,
            "cache_control": "",
            "checksum_algorithm": null,
            "checksum_crc32": "",
            "checksum_crc32c": "",
            "checksum_sha1": "",
            "checksum_sha256": "",
            "content": null,
            "content_base64": null,
            "content_disposition": "",
            "content_encoding": "",
            "content_language": "",
            "content_type": "text/css; charset=utf-8",
            "etag": "f186fa65615f04c7eab05ab1c0631acc",
            "force_destroy": false,
            "id": "assets/css/fontawesome-all.min.css",
            "key": "assets/css/fontawesome-all.min.css",
            "kms_key_id": null,
            "metadata": {},
            "object_lock_legal_hold_status": "",
            "object_lock_mode": "",
            "object_lock_retain_until_date": "",
            "override_provider": [],
            "server_side_encryption": "AES256",
            "source": "C:/Users/gregp/OneDrive/Documents/CloudResume/aws-cloud-resume-challenge/website/assets/css/fontawesome-all.min.css",
            "source_hash": null,
            "storage_class": "STANDARD",
            "tags": {},
            "tags_all": {},
            "version_id": "",
            "website_redirect": ""
          },
          "sensitive_attributes": [],
          "private": "bnVsbA==",
          "dependencies": [
            "aws_s3_bucket.gjd_crc_prod_bucket"
          ]
        },
        {
          "index_key": "assets/css/images/ie/grad0-15.svg",
          "schema_version": 0,
          "attributes": {
            "acl": null,
            "arn": "arn:aws:s3:::gjd-crc-prod-bucket/assets/css/images/ie/grad0-15.svg",
            "bucket": "gjd-crc-prod-bucket",
            "bucket_key_enabled": false,
            "cache_control": "",
            "checksum_algorithm": null,
            "checksum_crc32": "",
            "checksum_crc32c": "",
            "checksum_sha1": "",
            "checksum_sha256": "",
            "content": null,
            "content_base64": null,
            "content_disposition": "",
            "content_encoding": "",
            "content_language": "",
            "content_type": "image/svg+xml",
            "etag": "04da5cf9b4deec2f4f5eeed2d179a70a",
            "force_destroy": false,
            "id": "assets/css/images/ie/grad0-15.svg",
            "key": "assets/css/images/ie/grad0-15.svg",
            "kms_key_id": null,
            "metadata": {},
            "object_lock_legal_hold_status": "",
            "object_lock_mode": "",
            "object_lock_retain_until_date": "",
            "override_provider": [],
            "server_side_encryption": "AES256",
            "source": "C:/Users/gregp/OneDrive/Documents/CloudResume/aws-cloud-resume-challenge/website/assets/css/images/ie/grad0-15.svg",
            "source_hash": null,
            "storage_class": "STANDARD",
            "tags": {},
            "tags_all": {},
            "version_id": "",
            "website_redirect": ""
          },
          "sensitive_attributes": [],
          "private": "bnVsbA==",
          "dependencies": [
            "aws_s3_bucket.gjd_crc_prod_bucket"
          ]
        },
        {
          "index_key": "assets/css/images/overlay.png",
          "schema_version": 0,
          "attributes": {
            "acl": null,
            "arn": "arn:aws:s3:::gjd-crc-prod-bucket/assets/css/images/overlay.png",
            "bucket": "gjd-crc-prod-bucket",
            "bucket_key_enabled": false,
            "cache_control": "",
            "checksum_algorithm": null,
            "checksum_crc32": "",
            "checksum_crc32c": "",
            "checksum_sha1": "",
            "checksum_sha256": "",
            "content": null,
            "content_base64": null,
            "content_disposition": "",
            "content_encoding": "",
            "content_language": "",
            "content_type": "image/png",
            "etag": "b0e594144f6569f9a9d4683ebb9f2da7",
            "force_destroy": false,
            "id": "assets/css/images/overlay.png",
            "key": "assets/css/images/overlay.png",
            "kms_key_id": null,
            "metadata": {},
            "object_lock_legal_hold_status": "",
            "object_lock_mode": "",
            "object_lock_retain_until_date": "",
            "override_provider": [],
            "server_side_encryption": "AES256",
            "source": "C:/Users/gregp/OneDrive/Documents/CloudResume/aws-cloud-resume-challenge/website/assets/css/images/overlay.png",
            "source_hash": null,
            "storage_class": "STANDARD",
            "tags": {},
            "tags_all": {},
            "version_id": "",
            "website_redirect": ""
          },
          "sensitive_attributes": [],
          "private": "bnVsbA==",
          "dependencies": [
            "aws_s3_bucket.gjd_crc_prod_bucket"
          ]
        },
        {
          "index_key": "assets/css/main.css",
          "schema_version": 0,
          "attributes": {
            "acl": null,
            "arn": "arn:aws:s3:::gjd-crc-prod-bucket/assets/css/main.css",
            "bucket": "gjd-crc-prod-bucket",
            "bucket_key_enabled": false,
            "cache_control": "",
            "checksum_algorithm": null,
            "checksum_crc32": "",
            "checksum_crc32c": "",
            "checksum_sha1": "",
            "checksum_sha256": "",
            "content": null,
            "content_base64": null,
            "content_disposition": "",
            "content_encoding": "",
            "content_language": "",
            "content_type": "text/css; charset=utf-8",
            "etag": "0f34665bb1cb4b30cece8c8f31e3dee8",
            "force_destroy": false,
            "id": "assets/css/main.css",
            "key": "assets/css/main.css",
            "kms_key_id": null,
            "metadata": {},
            "object_lock_legal_hold_status": "",
            "object_lock_mode": "",
            "object_lock_retain_until_date": "",
            "override_provider": [],
            "server_side_encryption": "AES256",
            "source": "C:/Users/gregp/OneDrive/Documents/CloudResume/aws-cloud-resume-challenge/website/assets/css/main.css",
            "source_hash": null,
            "storage_class": "STANDARD",
            "tags": {},
            "tags_all": {},
            "version_id": "",
            "website_redirect": ""
          },
          "sensitive_attributes": [],
          "private": "bnVsbA==",
          "dependencies": [
            "aws_s3_bucket.gjd_crc_prod_bucket"
          ]
        },
        {
          "index_key": "assets/css/timeline.css",
          "schema_version": 0,
          "attributes": {
            "acl": null,
            "arn": "arn:aws:s3:::gjd-crc-prod-bucket/assets/css/timeline.css",
            "bucket": "gjd-crc-prod-bucket",
            "bucket_key_enabled": false,
            "cache_control": "",
            "checksum_algorithm": null,
            "checksum_crc32": "",
            "checksum_crc32c": "",
            "checksum_sha1": "",
            "checksum_sha256": "",
            "content": null,
            "content_base64": null,
            "content_disposition": "",
            "content_encoding": "",
            "content_language": "",
            "content_type": "text/css; charset=utf-8",
            "etag": "3640d4e0c6305d75a9e334cbd1688a05",
            "force_destroy": false,
            "id": "assets/css/timeline.css",
            "key": "assets/css/timeline.css",
            "kms_key_id": null,
            "metadata": {},
            "object_lock_legal_hold_status": "",
            "object_lock_mode": "",
            "object_lock_retain_until_date": "",
            "override_provider": [],
            "server_side_encryption": "AES256",
            "source": "C:/Users/gregp/OneDrive/Documents/CloudResume/aws-cloud-resume-challenge/website/assets/css/timeline.css",
            "source_hash": null,
            "storage_class": "STANDARD",
            "tags": {},
            "tags_all": {},
            "version_id": "",
            "website_redirect": ""
          },
          "sensitive_attributes": [],
          "private": "bnVsbA==",
          "dependencies": [
            "aws_s3_bucket.gjd_crc_prod_bucket"
          ]
        },
        {
          "index_key": "assets/css/timeline.css.bak",
          "schema_version": 0,
          "attributes": {
            "acl": null,
            "arn": "arn:aws:s3:::gjd-crc-prod-bucket/assets/css/timeline.css.bak",
            "bucket": "gjd-crc-prod-bucket",
            "bucket_key_enabled": false,
            "cache_control": "",
            "checksum_algorithm": null,
            "checksum_crc32": "",
            "checksum_crc32c": "",
            "checksum_sha1": "",
            "checksum_sha256": "",
            "content": null,
            "content_base64": null,
            "content_disposition": "",
            "content_encoding": "",
            "content_language": "",
            "content_type": "application/octet-stream",
            "etag": "86165ab0796a0d3abc64b4ba9714815f",
            "force_destroy": false,
            "id": "assets/css/timeline.css.bak",
            "key": "assets/css/timeline.css.bak",
            "kms_key_id": null,
            "metadata": {},
            "object_lock_legal_hold_status": "",
            "object_lock_mode": "",
            "object_lock_retain_until_date": "",
            "override_provider": [],
            "server_side_encryption": "AES256",
            "source": "C:/Users/gregp/OneDrive/Documents/CloudResume/aws-cloud-resume-challenge/website/assets/css/timeline.css.bak",
            "source_hash": null,
            "storage_class": "STANDARD",
            "tags": {},
            "tags_all": {},
            "version_id": "",
            "website_redirect": ""
          },
          "sensitive_attributes": [],
          "private": "bnVsbA==",
          "dependencies": [
            "aws_s3_bucket.gjd_crc_prod_bucket"
          ]
        },
        {
          "index_key": "assets/js/breakpoints.min.js",
          "schema_version": 0,
          "attributes": {
            "acl": null,
            "arn": "arn:aws:s3:::gjd-crc-prod-bucket/assets/js/breakpoints.min.js",
            "bucket": "gjd-crc-prod-bucket",
            "bucket_key_enabled": false,
            "cache_control": "",
            "checksum_algorithm": null,
            "checksum_crc32": "",
            "checksum_crc32c": "",
            "checksum_sha1": "",
            "checksum_sha256": "",
            "content": null,
            "content_base64": null,
            "content_disposition": "",
            "content_encoding": "",
            "content_language": "",
            "content_type": "application/javascript",
            "etag": "d2a44a985b34927fd6eaa6d2646bd0fa",
            "force_destroy": false,
            "id": "assets/js/breakpoints.min.js",
            "key": "assets/js/breakpoints.min.js",
            "kms_key_id": null,
            "metadata": {},
            "object_lock_legal_hold_status": "",
            "object_lock_mode": "",
            "object_lock_retain_until_date": "",
            "override_provider": [],
            "server_side_encryption": "AES256",
            "source": "C:/Users/gregp/OneDrive/Documents/CloudResume/aws-cloud-resume-challenge/website/assets/js/breakpoints.min.js",
            "source_hash": null,
            "storage_class": "STANDARD",
            "tags": {},
            "tags_all": {},
            "version_id": "",
            "website_redirect": ""
          },
          "sensitive_attributes": [],
          "private": "bnVsbA==",
          "dependencies": [
            "aws_s3_bucket.gjd_crc_prod_bucket"
          ]
        },
        {
          "index_key": "assets/js/browser.min.js",
          "schema_version": 0,
          "attributes": {
            "acl": null,
            "arn": "arn:aws:s3:::gjd-crc-prod-bucket/assets/js/browser.min.js",
            "bucket": "gjd-crc-prod-bucket",
            "bucket_key_enabled": false,
            "cache_control": "",
            "checksum_algorithm": null,
            "checksum_crc32": "",
            "checksum_crc32c": "",
            "checksum_sha1": "",
            "checksum_sha256": "",
            "content": null,
            "content_base64": null,
            "content_disposition": "",
            "content_encoding": "",
            "content_language": "",
            "content_type": "application/javascript",
            "etag": "a868efbf2f2c23c8c9173096bd3f2dee",
            "force_destroy": false,
            "id": "assets/js/browser.min.js",
            "key": "assets/js/browser.min.js",
            "kms_key_id": null,
            "metadata": {},
            "object_lock_legal_hold_status": "",
            "object_lock_mode": "",
            "object_lock_retain_until_date": "",
            "override_provider": [],
            "server_side_encryption": "AES256",
            "source": "C:/Users/gregp/OneDrive/Documents/CloudResume/aws-cloud-resume-challenge/website/assets/js/browser.min.js",
            "source_hash": null,
            "storage_class": "STANDARD",
            "tags": {},
            "tags_all": {},
            "version_id": "",
            "website_redirect": ""
          },
          "sensitive_attributes": [],
          "private": "bnVsbA==",
          "dependencies": [
            "aws_s3_bucket.gjd_crc_prod_bucket"
          ]
        },
        {
          "index_key": "assets/js/counter.js",
          "schema_version": 0,
          "attributes": {
            "acl": null,
            "arn": "arn:aws:s3:::gjd-crc-prod-bucket/assets/js/counter.js",
            "bucket": "gjd-crc-prod-bucket",
            "bucket_key_enabled": false,
            "cache_control": "",
            "checksum_algorithm": null,
            "checksum_crc32": "",
            "checksum_crc32c": "",
            "checksum_sha1": "",
            "checksum_sha256": "",
            "content": null,
            "content_base64": null,
            "content_disposition": "",
            "content_encoding": "",
            "content_language": "",
            "content_type": "application/javascript",
            "etag": "064856027bfe1b0c5b32f7a3e1758e30",
            "force_destroy": false,
            "id": "assets/js/counter.js",
            "key": "assets/js/counter.js",
            "kms_key_id": null,
            "metadata": {},
            "object_lock_legal_hold_status": "",
            "object_lock_mode": "",
            "object_lock_retain_until_date": "",
            "override_provider": [],
            "server_side_encryption": "AES256",
            "source": "C:/Users/gregp/OneDrive/Documents/CloudResume/aws-cloud-resume-challenge/website/assets/js/counter.js",
            "source_hash": null,
            "storage_class": "STANDARD",
            "tags": {},
            "tags_all": {},
            "version_id": "",
            "website_redirect": ""
          },
          "sensitive_attributes": [],
          "private": "bnVsbA==",
          "dependencies": [
            "aws_s3_bucket.gjd_crc_prod_bucket"
          ]
        },
        {
          "index_key": "assets/js/jquery.min.js",
          "schema_version": 0,
          "attributes": {
            "acl": null,
            "arn": "arn:aws:s3:::gjd-crc-prod-bucket/assets/js/jquery.min.js",
            "bucket": "gjd-crc-prod-bucket",
            "bucket_key_enabled": false,
            "cache_control": "",
            "checksum_algorithm": null,
            "checksum_crc32": "",
            "checksum_crc32c": "",
            "checksum_sha1": "",
            "checksum_sha256": "",
            "content": null,
            "content_base64": null,
            "content_disposition": "",
            "content_encoding": "",
            "content_language": "",
            "content_type": "application/javascript",
            "etag": "8fb8fee4fcc3cc86ff6c724154c49c42",
            "force_destroy": false,
            "id": "assets/js/jquery.min.js",
            "key": "assets/js/jquery.min.js",
            "kms_key_id": null,
            "metadata": {},
            "object_lock_legal_hold_status": "",
            "object_lock_mode": "",
            "object_lock_retain_until_date": "",
            "override_provider": [],
            "server_side_encryption": "AES256",
            "source": "C:/Users/gregp/OneDrive/Documents/CloudResume/aws-cloud-resume-challenge/website/assets/js/jquery.min.js",
            "source_hash": null,
            "storage_class": "STANDARD",
            "tags": {},
            "tags_all": {},
            "version_id": "",
            "website_redirect": ""
          },
          "sensitive_attributes": [],
          "private": "bnVsbA==",
          "dependencies": [
            "aws_s3_bucket.gjd_crc_prod_bucket"
          ]
        },
        {
          "index_key": "assets/js/jquery.scrollex.min.js",
          "schema_version": 0,
          "attributes": {
            "acl": null,
            "arn": "arn:aws:s3:::gjd-crc-prod-bucket/assets/js/jquery.scrollex.min.js",
            "bucket": "gjd-crc-prod-bucket",
            "bucket_key_enabled": false,
            "cache_control": "",
            "checksum_algorithm": null,
            "checksum_crc32": "",
            "checksum_crc32c": "",
            "checksum_sha1": "",
            "checksum_sha256": "",
            "content": null,
            "content_base64": null,
            "content_disposition": "",
            "content_encoding": "",
            "content_language": "",
            "content_type": "application/javascript",
            "etag": "830ab00c7d7a5be0c57f91e35bd32376",
            "force_destroy": false,
            "id": "assets/js/jquery.scrollex.min.js",
            "key": "assets/js/jquery.scrollex.min.js",
            "kms_key_id": null,
            "metadata": {},
            "object_lock_legal_hold_status": "",
            "object_lock_mode": "",
            "object_lock_retain_until_date": "",
            "override_provider": [],
            "server_side_encryption": "AES256",
            "source": "C:/Users/gregp/OneDrive/Documents/CloudResume/aws-cloud-resume-challenge/website/assets/js/jquery.scrollex.min.js",
            "source_hash": null,
            "storage_class": "STANDARD",
            "tags": {},
            "tags_all": {},
            "version_id": "",
            "website_redirect": ""
          },
          "sensitive_attributes": [],
          "private": "bnVsbA==",
          "dependencies": [
            "aws_s3_bucket.gjd_crc_prod_bucket"
          ]
        },
        {
          "index_key": "assets/js/jquery.scrolly.min.js",
          "schema_version": 0,
          "attributes": {
            "acl": null,
            "arn": "arn:aws:s3:::gjd-crc-prod-bucket/assets/js/jquery.scrolly.min.js",
            "bucket": "gjd-crc-prod-bucket",
            "bucket_key_enabled": false,
            "cache_control": "",
            "checksum_algorithm": null,
            "checksum_crc32": "",
            "checksum_crc32c": "",
            "checksum_sha1": "",
            "checksum_sha256": "",
            "content": null,
            "content_base64": null,
            "content_disposition": "",
            "content_encoding": "",
            "content_language": "",
            "content_type": "application/javascript",
            "etag": "cdaa947ce14cf917fd3fbb34bbf69292",
            "force_destroy": false,
            "id": "assets/js/jquery.scrolly.min.js",
            "key": "assets/js/jquery.scrolly.min.js",
            "kms_key_id": null,
            "metadata": {},
            "object_lock_legal_hold_status": "",
            "object_lock_mode": "",
            "object_lock_retain_until_date": "",
            "override_provider": [],
            "server_side_encryption": "AES256",
            "source": "C:/Users/gregp/OneDrive/Documents/CloudResume/aws-cloud-resume-challenge/website/assets/js/jquery.scrolly.min.js",
            "source_hash": null,
            "storage_class": "STANDARD",
            "tags": {},
            "tags_all": {},
            "version_id": "",
            "website_redirect": ""
          },
          "sensitive_attributes": [],
          "private": "bnVsbA==",
          "dependencies": [
            "aws_s3_bucket.gjd_crc_prod_bucket"
          ]
        },
        {
          "index_key": "assets/js/main.js",
          "schema_version": 0,
          "attributes": {
            "acl": null,
            "arn": "arn:aws:s3:::gjd-crc-prod-bucket/assets/js/main.js",
            "bucket": "gjd-crc-prod-bucket",
            "bucket_key_enabled": false,
            "cache_control": "",
            "checksum_algorithm": null,
            "checksum_crc32": "",
            "checksum_crc32c": "",
            "checksum_sha1": "",
            "checksum_sha256": "",
            "content": null,
            "content_base64": null,
            "content_disposition": "",
            "content_encoding": "",
            "content_language": "",
            "content_type": "application/javascript",
            "etag": "616968c239f6c62fcab90681ea0a5c80",
            "force_destroy": false,
            "id": "assets/js/main.js",
            "key": "assets/js/main.js",
            "kms_key_id": null,
            "metadata": {},
            "object_lock_legal_hold_status": "",
            "object_lock_mode": "",
            "object_lock_retain_until_date": "",
            "override_provider": [],
            "server_side_encryption": "AES256",
            "source": "C:/Users/gregp/OneDrive/Documents/CloudResume/aws-cloud-resume-challenge/website/assets/js/main.js",
            "source_hash": null,
            "storage_class": "STANDARD",
            "tags": {},
            "tags_all": {},
            "version_id": "",
            "website_redirect": ""
          },
          "sensitive_attributes": [],
          "private": "bnVsbA==",
          "dependencies": [
            "aws_s3_bucket.gjd_crc_prod_bucket"
          ]
        },
        {
          "index_key": "assets/js/timeline.js",
          "schema_version": 0,
          "attributes": {
            "acl": null,
            "arn": "arn:aws:s3:::gjd-crc-prod-bucket/assets/js/timeline.js",
            "bucket": "gjd-crc-prod-bucket",
            "bucket_key_enabled": false,
            "cache_control": "",
            "checksum_algorithm": null,
            "checksum_crc32": "",
            "checksum_crc32c": "",
            "checksum_sha1": "",
            "checksum_sha256": "",
            "content": null,
            "content_base64": null,
            "content_disposition": "",
            "content_encoding": "",
            "content_language": "",
            "content_type": "application/javascript",
            "etag": "8dae59e708be83f357af64f223438aaf",
            "force_destroy": false,
            "id": "assets/js/timeline.js",
            "key": "assets/js/timeline.js",
            "kms_key_id": null,
            "metadata": {},
            "object_lock_legal_hold_status": "",
            "object_lock_mode": "",
            "object_lock_retain_until_date": "",
            "override_provider": [],
            "server_side_encryption": "AES256",
            "source": "C:/Users/gregp/OneDrive/Documents/CloudResume/aws-cloud-resume-challenge/website/assets/js/timeline.js",
            "source_hash": null,
            "storage_class": "STANDARD",
            "tags": {},
            "tags_all": {},
            "version_id": "",
            "website_redirect": ""
          },
          "sensitive_attributes": [],
          "private": "bnVsbA==",
          "dependencies": [
            "aws_s3_bucket.gjd_crc_prod_bucket"
          ]
        },
        {
          "index_key": "assets/js/timeline.js.bak",
          "schema_version": 0,
          "attributes": {
            "acl": null,
            "arn": "arn:aws:s3:::gjd-crc-prod-bucket/assets/js/timeline.js.bak",
            "bucket": "gjd-crc-prod-bucket",
            "bucket_key_enabled": false,
            "cache_control": "",
            "checksum_algorithm": null,
            "checksum_crc32": "",
            "checksum_crc32c": "",
            "checksum_sha1": "",
            "checksum_sha256": "",
            "content": null,
            "content_base64": null,
            "content_disposition": "",
            "content_encoding": "",
            "content_language": "",
            "content_type": "application/octet-stream",
            "etag": "4a0c1865c3305883b9245cae839602dc",
            "force_destroy": false,
            "id": "assets/js/timeline.js.bak",
            "key": "assets/js/timeline.js.bak",
            "kms_key_id": null,
            "metadata": {},
            "object_lock_legal_hold_status": "",
            "object_lock_mode": "",
            "object_lock_retain_until_date": "",
            "override_provider": [],
            "server_side_encryption": "AES256",
            "source": "C:/Users/gregp/OneDrive/Documents/CloudResume/aws-cloud-resume-challenge/website/assets/js/timeline.js.bak",
            "source_hash": null,
            "storage_class": "STANDARD",
            "tags": {},
            "tags_all": {},
            "version_id": "",
            "website_redirect": ""
          },
          "sensitive_attributes": [],
          "private": "bnVsbA==",
          "dependencies": [
            "aws_s3_bucket.gjd_crc_prod_bucket"
          ]
        },
        {
          "index_key": "assets/js/util.js",
          "schema_version": 0,
          "attributes": {
            "acl": null,
            "arn": "arn:aws:s3:::gjd-crc-prod-bucket/assets/js/util.js",
            "bucket": "gjd-crc-prod-bucket",
            "bucket_key_enabled": false,
            "cache_control": "",
            "checksum_algorithm": null,
            "checksum_crc32": "",
            "checksum_crc32c": "",
            "checksum_sha1": "",
            "checksum_sha256": "",
            "content": null,
            "content_base64": null,
            "content_disposition": "",
            "content_encoding": "",
            "content_language": "",
            "content_type": "application/javascript",
            "etag": "31f3e8b0cbedca627878a2b6d868bc14",
            "force_destroy": false,
            "id": "assets/js/util.js",
            "key": "assets/js/util.js",
            "kms_key_id": null,
            "metadata": {},
            "object_lock_legal_hold_status": "",
            "object_lock_mode": "",
            "object_lock_retain_until_date": "",
            "override_provider": [],
            "server_side_encryption": "AES256",
            "source": "C:/Users/gregp/OneDrive/Documents/CloudResume/aws-cloud-resume-challenge/website/assets/js/util.js",
            "source_hash": null,
            "storage_class": "STANDARD",
            "tags": {},
            "tags_all": {},
            "version_id": "",
            "website_redirect": ""
          },
          "sensitive_attributes": [],
          "private": "bnVsbA==",
          "dependencies": [
            "aws_s3_bucket.gjd_crc_prod_bucket"
          ]
        },
        {
          "index_key": "assets/sass/libs/_breakpoints.scss",
          "schema_version": 0,
          "attributes": {
            "acl": null,
            "arn": "arn:aws:s3:::gjd-crc-prod-bucket/assets/sass/libs/_breakpoints.scss",
            "bucket": "gjd-crc-prod-bucket",
            "bucket_key_enabled": false,
            "cache_control": "",
            "checksum_algorithm": null,
            "checksum_crc32": "",
            "checksum_crc32c": "",
            "checksum_sha1": "",
            "checksum_sha256": "",
            "content": null,
            "content_base64": null,
            "content_disposition": "",
            "content_encoding": "",
            "content_language": "",
            "content_type": "application/octet-stream",
            "etag": "db886dfed39cf8c9e0977d085f47ef3f",
            "force_destroy": false,
            "id": "assets/sass/libs/_breakpoints.scss",
            "key": "assets/sass/libs/_breakpoints.scss",
            "kms_key_id": null,
            "metadata": {},
            "object_lock_legal_hold_status": "",
            "object_lock_mode": "",
            "object_lock_retain_until_date": "",
            "override_provider": [],
            "server_side_encryption": "AES256",
            "source": "C:/Users/gregp/OneDrive/Documents/CloudResume/aws-cloud-resume-challenge/website/assets/sass/libs/_breakpoints.scss",
            "source_hash": null,
            "storage_class": "STANDARD",
            "tags": {},
            "tags_all": {},
            "version_id": "",
            "website_redirect": ""
          },
          "sensitive_attributes": [],
          "private": "bnVsbA==",
          "dependencies": [
            "aws_s3_bucket.gjd_crc_prod_bucket"
          ]
        },
        {
          "index_key": "assets/sass/libs/_functions.scss",
          "schema_version": 0,
          "attributes": {
            "acl": null,
            "arn": "arn:aws:s3:::gjd-crc-prod-bucket/assets/sass/libs/_functions.scss",
            "bucket": "gjd-crc-prod-bucket",
            "bucket_key_enabled": false,
            "cache_control": "",
            "checksum_algorithm": null,
            "checksum_crc32": "",
            "checksum_crc32c": "",
            "checksum_sha1": "",
            "checksum_sha256": "",
            "content": null,
            "content_base64": null,
            "content_disposition": "",
            "content_encoding": "",
            "content_language": "",
            "content_type": "application/octet-stream",
            "etag": "5b10d6035b023556a0ae6627d2cde60c",
            "force_destroy": false,
            "id": "assets/sass/libs/_functions.scss",
            "key": "assets/sass/libs/_functions.scss",
            "kms_key_id": null,
            "metadata": {},
            "object_lock_legal_hold_status": "",
            "object_lock_mode": "",
            "object_lock_retain_until_date": "",
            "override_provider": [],
            "server_side_encryption": "AES256",
            "source": "C:/Users/gregp/OneDrive/Documents/CloudResume/aws-cloud-resume-challenge/website/assets/sass/libs/_functions.scss",
            "source_hash": null,
            "storage_class": "STANDARD",
            "tags": {},
            "tags_all": {},
            "version_id": "",
            "website_redirect": ""
          },
          "sensitive_attributes": [],
          "private": "bnVsbA==",
          "dependencies": [
            "aws_s3_bucket.gjd_crc_prod_bucket"
          ]
        },
        {
          "index_key": "assets/sass/libs/_html-grid.scss",
          "schema_version": 0,
          "attributes": {
            "acl": null,
            "arn": "arn:aws:s3:::gjd-crc-prod-bucket/assets/sass/libs/_html-grid.scss",
            "bucket": "gjd-crc-prod-bucket",
            "bucket_key_enabled": false,
            "cache_control": "",
            "checksum_algorithm": null,
            "checksum_crc32": "",
            "checksum_crc32c": "",
            "checksum_sha1": "",
            "checksum_sha256": "",
            "content": null,
            "content_base64": null,
            "content_disposition": "",
            "content_encoding": "",
            "content_language": "",
            "content_type": "application/octet-stream",
            "etag": "f3395c442448422278343cf8289a1f96",
            "force_destroy": false,
            "id": "assets/sass/libs/_html-grid.scss",
            "key": "assets/sass/libs/_html-grid.scss",
            "kms_key_id": null,
            "metadata": {},
            "object_lock_legal_hold_status": "",
            "object_lock_mode": "",
            "object_lock_retain_until_date": "",
            "override_provider": [],
            "server_side_encryption": "AES256",
            "source": "C:/Users/gregp/OneDrive/Documents/CloudResume/aws-cloud-resume-challenge/website/assets/sass/libs/_html-grid.scss",
            "source_hash": null,
            "storage_class": "STANDARD",
            "tags": {},
            "tags_all": {},
            "version_id": "",
            "website_redirect": ""
          },
          "sensitive_attributes": [],
          "private": "bnVsbA==",
          "dependencies": [
            "aws_s3_bucket.gjd_crc_prod_bucket"
          ]
        },
        {
          "index_key": "assets/sass/libs/_mixins.scss",
          "schema_version": 0,
          "attributes": {
            "acl": null,
            "arn": "arn:aws:s3:::gjd-crc-prod-bucket/assets/sass/libs/_mixins.scss",
            "bucket": "gjd-crc-prod-bucket",
            "bucket_key_enabled": false,
            "cache_control": "",
            "checksum_algorithm": null,
            "checksum_crc32": "",
            "checksum_crc32c": "",
            "checksum_sha1": "",
            "checksum_sha256": "",
            "content": null,
            "content_base64": null,
            "content_disposition": "",
            "content_encoding": "",
            "content_language": "",
            "content_type": "application/octet-stream",
            "etag": "2363460b82d7e72cff263ff6e42c76ec",
            "force_destroy": false,
            "id": "assets/sass/libs/_mixins.scss",
            "key": "assets/sass/libs/_mixins.scss",
            "kms_key_id": null,
            "metadata": {},
            "object_lock_legal_hold_status": "",
            "object_lock_mode": "",
            "object_lock_retain_until_date": "",
            "override_provider": [],
            "server_side_encryption": "AES256",
            "source": "C:/Users/gregp/OneDrive/Documents/CloudResume/aws-cloud-resume-challenge/website/assets/sass/libs/_mixins.scss",
            "source_hash": null,
            "storage_class": "STANDARD",
            "tags": {},
            "tags_all": {},
            "version_id": "",
            "website_redirect": ""
          },
          "sensitive_attributes": [],
          "private": "bnVsbA==",
          "dependencies": [
            "aws_s3_bucket.gjd_crc_prod_bucket"
          ]
        },
        {
          "index_key": "assets/sass/libs/_vars.scss",
          "schema_version": 0,
          "attributes": {
            "acl": null,
            "arn": "arn:aws:s3:::gjd-crc-prod-bucket/assets/sass/libs/_vars.scss",
            "bucket": "gjd-crc-prod-bucket",
            "bucket_key_enabled": false,
            "cache_control": "",
            "checksum_algorithm": null,
            "checksum_crc32": "",
            "checksum_crc32c": "",
            "checksum_sha1": "",
            "checksum_sha256": "",
            "content": null,
            "content_base64": null,
            "content_disposition": "",
            "content_encoding": "",
            "content_language": "",
            "content_type": "application/octet-stream",
            "etag": "75faa2b668847cc45d76e9c0f9d483df",
            "force_destroy": false,
            "id": "assets/sass/libs/_vars.scss",
            "key": "assets/sass/libs/_vars.scss",
            "kms_key_id": null,
            "metadata": {},
            "object_lock_legal_hold_status": "",
            "object_lock_mode": "",
            "object_lock_retain_until_date": "",
            "override_provider": [],
            "server_side_encryption": "AES256",
            "source": "C:/Users/gregp/OneDrive/Documents/CloudResume/aws-cloud-resume-challenge/website/assets/sass/libs/_vars.scss",
            "source_hash": null,
            "storage_class": "STANDARD",
            "tags": {},
            "tags_all": {},
            "version_id": "",
            "website_redirect": ""
          },
          "sensitive_attributes": [],
          "private": "bnVsbA==",
          "dependencies": [
            "aws_s3_bucket.gjd_crc_prod_bucket"
          ]
        },
        {
          "index_key": "assets/sass/libs/_vendor.scss",
          "schema_version": 0,
          "attributes": {
            "acl": null,
            "arn": "arn:aws:s3:::gjd-crc-prod-bucket/assets/sass/libs/_vendor.scss",
            "bucket": "gjd-crc-prod-bucket",
            "bucket_key_enabled": false,
            "cache_control": "",
            "checksum_algorithm": null,
            "checksum_crc32": "",
            "checksum_crc32c": "",
            "checksum_sha1": "",
            "checksum_sha256": "",
            "content": null,
            "content_base64": null,
            "content_disposition": "",
            "content_encoding": "",
            "content_language": "",
            "content_type": "application/octet-stream",
            "etag": "4e76b8435fa3b4bd28633af3814bf147",
            "force_destroy": false,
            "id": "assets/sass/libs/_vendor.scss",
            "key": "assets/sass/libs/_vendor.scss",
            "kms_key_id": null,
            "metadata": {},
            "object_lock_legal_hold_status": "",
            "object_lock_mode": "",
            "object_lock_retain_until_date": "",
            "override_provider": [],
            "server_side_encryption": "AES256",
            "source": "C:/Users/gregp/OneDrive/Documents/CloudResume/aws-cloud-resume-challenge/website/assets/sass/libs/_vendor.scss",
            "source_hash": null,
            "storage_class": "STANDARD",
            "tags": {},
            "tags_all": {},
            "version_id": "",
            "website_redirect": ""
          },
          "sensitive_attributes": [],
          "private": "bnVsbA==",
          "dependencies": [
            "aws_s3_bucket.gjd_crc_prod_bucket"
          ]
        },
        {
          "index_key": "assets/sass/main.scss",
          "schema_version": 0,
          "attributes": {
            "acl": null,
            "arn": "arn:aws:s3:::gjd-crc-prod-bucket/assets/sass/main.scss",
            "bucket": "gjd-crc-prod-bucket",
            "bucket_key_enabled": false,
            "cache_control": "",
            "checksum_algorithm": null,
            "checksum_crc32": "",
            "checksum_crc32c": "",
            "checksum_sha1": "",
            "checksum_sha256": "",
            "content": null,
            "content_base64": null,
            "content_disposition": "",
            "content_encoding": "",
            "content_language": "",
            "content_type": "application/octet-stream",
            "etag": "3a9bfb72308087e593bccc87df0f367d",
            "force_destroy": false,
            "id": "assets/sass/main.scss",
            "key": "assets/sass/main.scss",
            "kms_key_id": null,
            "metadata": {},
            "object_lock_legal_hold_status": "",
            "object_lock_mode": "",
            "object_lock_retain_until_date": "",
            "override_provider": [],
            "server_side_encryption": "AES256",
            "source": "C:/Users/gregp/OneDrive/Documents/CloudResume/aws-cloud-resume-challenge/website/assets/sass/main.scss",
            "source_hash": null,
            "storage_class": "STANDARD",
            "tags": {},
            "tags_all": {},
            "version_id": "",
            "website_redirect": ""
          },
          "sensitive_attributes": [],
          "private": "bnVsbA==",
          "dependencies": [
            "aws_s3_bucket.gjd_crc_prod_bucket"
          ]
        },
        {
          "index_key": "assets/webfonts/fa-brands-400.eot",
          "schema_version": 0,
          "attributes": {
            "acl": null,
            "arn": "arn:aws:s3:::gjd-crc-prod-bucket/assets/webfonts/fa-brands-400.eot",
            "bucket": "gjd-crc-prod-bucket",
            "bucket_key_enabled": false,
            "cache_control": "",
            "checksum_algorithm": null,
            "checksum_crc32": "",
            "checksum_crc32c": "",
            "checksum_sha1": "",
            "checksum_sha256": "",
            "content": null,
            "content_base64": null,
            "content_disposition": "",
            "content_encoding": "",
            "content_language": "",
            "content_type": "application/vnd.ms-fontobject",
            "etag": "592643a83b8541edc52063d84c468700",
            "force_destroy": false,
            "id": "assets/webfonts/fa-brands-400.eot",
            "key": "assets/webfonts/fa-brands-400.eot",
            "kms_key_id": null,
            "metadata": {},
            "object_lock_legal_hold_status": "",
            "object_lock_mode": "",
            "object_lock_retain_until_date": "",
            "override_provider": [],
            "server_side_encryption": "AES256",
            "source": "C:/Users/gregp/OneDrive/Documents/CloudResume/aws-cloud-resume-challenge/website/assets/webfonts/fa-brands-400.eot",
            "source_hash": null,
            "storage_class": "STANDARD",
            "tags": {},
            "tags_all": {},
            "version_id": "",
            "website_redirect": ""
          },
          "sensitive_attributes": [],
          "private": "bnVsbA==",
          "dependencies": [
            "aws_s3_bucket.gjd_crc_prod_bucket"
          ]
        },
        {
          "index_key": "assets/webfonts/fa-brands-400.svg",
          "schema_version": 0,
          "attributes": {
            "acl": null,
            "arn": "arn:aws:s3:::gjd-crc-prod-bucket/assets/webfonts/fa-brands-400.svg",
            "bucket": "gjd-crc-prod-bucket",
            "bucket_key_enabled": false,
            "cache_control": "",
            "checksum_algorithm": null,
            "checksum_crc32": "",
            "checksum_crc32c": "",
            "checksum_sha1": "",
            "checksum_sha256": "",
            "content": null,
            "content_base64": null,
            "content_disposition": "",
            "content_encoding": "",
            "content_language": "",
            "content_type": "image/svg+xml",
            "etag": "1d5619cd804367cefe6da2d79289218a",
            "force_destroy": false,
            "id": "assets/webfonts/fa-brands-400.svg",
            "key": "assets/webfonts/fa-brands-400.svg",
            "kms_key_id": null,
            "metadata": {},
            "object_lock_legal_hold_status": "",
            "object_lock_mode": "",
            "object_lock_retain_until_date": "",
            "override_provider": [],
            "server_side_encryption": "AES256",
            "source": "C:/Users/gregp/OneDrive/Documents/CloudResume/aws-cloud-resume-challenge/website/assets/webfonts/fa-brands-400.svg",
            "source_hash": null,
            "storage_class": "STANDARD",
            "tags": {},
            "tags_all": {},
            "version_id": "",
            "website_redirect": ""
          },
          "sensitive_attributes": [],
          "private": "bnVsbA==",
          "dependencies": [
            "aws_s3_bucket.gjd_crc_prod_bucket"
          ]
        },
        {
          "index_key": "assets/webfonts/fa-brands-400.ttf",
          "schema_version": 0,
          "attributes": {
            "acl": null,
            "arn": "arn:aws:s3:::gjd-crc-prod-bucket/assets/webfonts/fa-brands-400.ttf",
            "bucket": "gjd-crc-prod-bucket",
            "bucket_key_enabled": false,
            "cache_control": "",
            "checksum_algorithm": null,
            "checksum_crc32": "",
            "checksum_crc32c": "",
            "checksum_sha1": "",
            "checksum_sha256": "",
            "content": null,
            "content_base64": null,
            "content_disposition": "",
            "content_encoding": "",
            "content_language": "",
            "content_type": "font/ttf",
            "etag": "513aa607d398efaccc559916c3431403",
            "force_destroy": false,
            "id": "assets/webfonts/fa-brands-400.ttf",
            "key": "assets/webfonts/fa-brands-400.ttf",
            "kms_key_id": null,
            "metadata": {},
            "object_lock_legal_hold_status": "",
            "object_lock_mode": "",
            "object_lock_retain_until_date": "",
            "override_provider": [],
            "server_side_encryption": "AES256",
            "source": "C:/Users/gregp/OneDrive/Documents/CloudResume/aws-cloud-resume-challenge/website/assets/webfonts/fa-brands-400.ttf",
            "source_hash": null,
            "storage_class": "STANDARD",
            "tags": {},
            "tags_all": {},
            "version_id": "",
            "website_redirect": ""
          },
          "sensitive_attributes": [],
          "private": "bnVsbA==",
          "dependencies": [
            "aws_s3_bucket.gjd_crc_prod_bucket"
          ]
        },
        {
          "index_key": "assets/webfonts/fa-brands-400.woff",
          "schema_version": 0,
          "attributes": {
            "acl": null,
            "arn": "arn:aws:s3:::gjd-crc-prod-bucket/assets/webfonts/fa-brands-400.woff",
            "bucket": "gjd-crc-prod-bucket",
            "bucket_key_enabled": false,
            "cache_control": "",
            "checksum_algorithm": null,
            "checksum_crc32": "",
            "checksum_crc32c": "",
            "checksum_sha1": "",
            "checksum_sha256": "",
            "content": null,
            "content_base64": null,
            "content_disposition": "",
            "content_encoding": "",
            "content_language": "",
            "content_type": "font/woff",
            "etag": "1a575a4138e5f366474f0e7c5bd614a5",
            "force_destroy": false,
            "id": "assets/webfonts/fa-brands-400.woff",
            "key": "assets/webfonts/fa-brands-400.woff",
            "kms_key_id": null,
            "metadata": {},
            "object_lock_legal_hold_status": "",
            "object_lock_mode": "",
            "object_lock_retain_until_date": "",
            "override_provider": [],
            "server_side_encryption": "AES256",
            "source": "C:/Users/gregp/OneDrive/Documents/CloudResume/aws-cloud-resume-challenge/website/assets/webfonts/fa-brands-400.woff",
            "source_hash": null,
            "storage_class": "STANDARD",
            "tags": {},
            "tags_all": {},
            "version_id": "",
            "website_redirect": ""
          },
          "sensitive_attributes": [],
          "private": "bnVsbA==",
          "dependencies": [
            "aws_s3_bucket.gjd_crc_prod_bucket"
          ]
        },
        {
          "index_key": "assets/webfonts/fa-brands-400.woff2",
          "schema_version": 0,
          "attributes": {
            "acl": null,
            "arn": "arn:aws:s3:::gjd-crc-prod-bucket/assets/webfonts/fa-brands-400.woff2",
            "bucket": "gjd-crc-prod-bucket",
            "bucket_key_enabled": false,
            "cache_control": "",
            "checksum_algorithm": null,
            "checksum_crc32": "",
            "checksum_crc32c": "",
            "checksum_sha1": "",
            "checksum_sha256": "",
            "content": null,
            "content_base64": null,
            "content_disposition": "",
            "content_encoding": "",
            "content_language": "",
            "content_type": "font/woff2",
            "etag": "ed311c7a0ade9a75bb3ebf5a7670f31d",
            "force_destroy": false,
            "id": "assets/webfonts/fa-brands-400.woff2",
            "key": "assets/webfonts/fa-brands-400.woff2",
            "kms_key_id": null,
            "metadata": {},
            "object_lock_legal_hold_status": "",
            "object_lock_mode": "",
            "object_lock_retain_until_date": "",
            "override_provider": [],
            "server_side_encryption": "AES256",
            "source": "C:/Users/gregp/OneDrive/Documents/CloudResume/aws-cloud-resume-challenge/website/assets/webfonts/fa-brands-400.woff2",
            "source_hash": null,
            "storage_class": "STANDARD",
            "tags": {},
            "tags_all": {},
            "version_id": "",
            "website_redirect": ""
          },
          "sensitive_attributes": [],
          "private": "bnVsbA==",
          "dependencies": [
            "aws_s3_bucket.gjd_crc_prod_bucket"
          ]
        },
        {
          "index_key": "assets/webfonts/fa-regular-400.eot",
          "schema_version": 0,
          "attributes": {
            "acl": null,
            "arn": "arn:aws:s3:::gjd-crc-prod-bucket/assets/webfonts/fa-regular-400.eot",
            "bucket": "gjd-crc-prod-bucket",
            "bucket_key_enabled": false,
            "cache_control": "",
            "checksum_algorithm": null,
            "checksum_crc32": "",
            "checksum_crc32c": "",
            "checksum_sha1": "",
            "checksum_sha256": "",
            "content": null,
            "content_base64": null,
            "content_disposition": "",
            "content_encoding": "",
            "content_language": "",
            "content_type": "application/vnd.ms-fontobject",
            "etag": "b0e2db3b634d1bc3928e127458d993d8",
            "force_destroy": false,
            "id": "assets/webfonts/fa-regular-400.eot",
            "key": "assets/webfonts/fa-regular-400.eot",
            "kms_key_id": null,
            "metadata": {},
            "object_lock_legal_hold_status": "",
            "object_lock_mode": "",
            "object_lock_retain_until_date": "",
            "override_provider": [],
            "server_side_encryption": "AES256",
            "source": "C:/Users/gregp/OneDrive/Documents/CloudResume/aws-cloud-resume-challenge/website/assets/webfonts/fa-regular-400.eot",
            "source_hash": null,
            "storage_class": "STANDARD",
            "tags": {},
            "tags_all": {},
            "version_id": "",
            "website_redirect": ""
          },
          "sensitive_attributes": [],
          "private": "bnVsbA==",
          "dependencies": [
            "aws_s3_bucket.gjd_crc_prod_bucket"
          ]
        },
        {
          "index_key": "assets/webfonts/fa-regular-400.svg",
          "schema_version": 0,
          "attributes": {
            "acl": null,
            "arn": "arn:aws:s3:::gjd-crc-prod-bucket/assets/webfonts/fa-regular-400.svg",
            "bucket": "gjd-crc-prod-bucket",
            "bucket_key_enabled": false,
            "cache_control": "",
            "checksum_algorithm": null,
            "checksum_crc32": "",
            "checksum_crc32c": "",
            "checksum_sha1": "",
            "checksum_sha256": "",
            "content": null,
            "content_base64": null,
            "content_disposition": "",
            "content_encoding": "",
            "content_language": "",
            "content_type": "image/svg+xml",
            "etag": "c5d109be8edd3de0f60eb472bd9ef691",
            "force_destroy": false,
            "id": "assets/webfonts/fa-regular-400.svg",
            "key": "assets/webfonts/fa-regular-400.svg",
            "kms_key_id": null,
            "metadata": {},
            "object_lock_legal_hold_status": "",
            "object_lock_mode": "",
            "object_lock_retain_until_date": "",
            "override_provider": [],
            "server_side_encryption": "AES256",
            "source": "C:/Users/gregp/OneDrive/Documents/CloudResume/aws-cloud-resume-challenge/website/assets/webfonts/fa-regular-400.svg",
            "source_hash": null,
            "storage_class": "STANDARD",
            "tags": {},
            "tags_all": {},
            "version_id": "",
            "website_redirect": ""
          },
          "sensitive_attributes": [],
          "private": "bnVsbA==",
          "dependencies": [
            "aws_s3_bucket.gjd_crc_prod_bucket"
          ]
        },
        {
          "index_key": "assets/webfonts/fa-regular-400.ttf",
          "schema_version": 0,
          "attributes": {
            "acl": null,
            "arn": "arn:aws:s3:::gjd-crc-prod-bucket/assets/webfonts/fa-regular-400.ttf",
            "bucket": "gjd-crc-prod-bucket",
            "bucket_key_enabled": false,
            "cache_control": "",
            "checksum_algorithm": null,
            "checksum_crc32": "",
            "checksum_crc32c": "",
            "checksum_sha1": "",
            "checksum_sha256": "",
            "content": null,
            "content_base64": null,
            "content_disposition": "",
            "content_encoding": "",
            "content_language": "",
            "content_type": "font/ttf",
            "etag": "766913e6c0088ab8c9f73e18b4127bc4",
            "force_destroy": false,
            "id": "assets/webfonts/fa-regular-400.ttf",
            "key": "assets/webfonts/fa-regular-400.ttf",
            "kms_key_id": null,
            "metadata": {},
            "object_lock_legal_hold_status": "",
            "object_lock_mode": "",
            "object_lock_retain_until_date": "",
            "override_provider": [],
            "server_side_encryption": "AES256",
            "source": "C:/Users/gregp/OneDrive/Documents/CloudResume/aws-cloud-resume-challenge/website/assets/webfonts/fa-regular-400.ttf",
            "source_hash": null,
            "storage_class": "STANDARD",
            "tags": {},
            "tags_all": {},
            "version_id": "",
            "website_redirect": ""
          },
          "sensitive_attributes": [],
          "private": "bnVsbA==",
          "dependencies": [
            "aws_s3_bucket.gjd_crc_prod_bucket"
          ]
        },
        {
          "index_key": "assets/webfonts/fa-regular-400.woff",
          "schema_version": 0,
          "attributes": {
            "acl": null,
            "arn": "arn:aws:s3:::gjd-crc-prod-bucket/assets/webfonts/fa-regular-400.woff",
            "bucket": "gjd-crc-prod-bucket",
            "bucket_key_enabled": false,
            "cache_control": "",
            "checksum_algorithm": null,
            "checksum_crc32": "",
            "checksum_crc32c": "",
            "checksum_sha1": "",
            "checksum_sha256": "",
            "content": null,
            "content_base64": null,
            "content_disposition": "",
            "content_encoding": "",
            "content_language": "",
            "content_type": "font/woff",
            "etag": "d1d7e3b4c219fde0f7376c6facfd7149",
            "force_destroy": false,
            "id": "assets/webfonts/fa-regular-400.woff",
            "key": "assets/webfonts/fa-regular-400.woff",
            "kms_key_id": null,
            "metadata": {},
            "object_lock_legal_hold_status": "",
            "object_lock_mode": "",
            "object_lock_retain_until_date": "",
            "override_provider": [],
            "server_side_encryption": "AES256",
            "source": "C:/Users/gregp/OneDrive/Documents/CloudResume/aws-cloud-resume-challenge/website/assets/webfonts/fa-regular-400.woff",
            "source_hash": null,
            "storage_class": "STANDARD",
            "tags": {},
            "tags_all": {},
            "version_id": "",
            "website_redirect": ""
          },
          "sensitive_attributes": [],
          "private": "bnVsbA==",
          "dependencies": [
            "aws_s3_bucket.gjd_crc_prod_bucket"
          ]
        },
        {
          "index_key": "assets/webfonts/fa-regular-400.woff2",
          "schema_version": 0,
          "attributes": {
            "acl": null,
            "arn": "arn:aws:s3:::gjd-crc-prod-bucket/assets/webfonts/fa-regular-400.woff2",
            "bucket": "gjd-crc-prod-bucket",
            "bucket_key_enabled": false,
            "cache_control": "",
            "checksum_algorithm": null,
            "checksum_crc32": "",
            "checksum_crc32c": "",
            "checksum_sha1": "",
            "checksum_sha256": "",
            "content": null,
            "content_base64": null,
            "content_disposition": "",
            "content_encoding": "",
            "content_language": "",
            "content_type": "font/woff2",
            "etag": "b91d376b8d7646d671cd820950d5f7f1",
            "force_destroy": false,
            "id": "assets/webfonts/fa-regular-400.woff2",
            "key": "assets/webfonts/fa-regular-400.woff2",
            "kms_key_id": null,
            "metadata": {},
            "object_lock_legal_hold_status": "",
            "object_lock_mode": "",
            "object_lock_retain_until_date": "",
            "override_provider": [],
            "server_side_encryption": "AES256",
            "source": "C:/Users/gregp/OneDrive/Documents/CloudResume/aws-cloud-resume-challenge/website/assets/webfonts/fa-regular-400.woff2",
            "source_hash": null,
            "storage_class": "STANDARD",
            "tags": {},
            "tags_all": {},
            "version_id": "",
            "website_redirect": ""
          },
          "sensitive_attributes": [],
          "private": "bnVsbA==",
          "dependencies": [
            "aws_s3_bucket.gjd_crc_prod_bucket"
          ]
        },
        {
          "index_key": "assets/webfonts/fa-solid-900.eot",
          "schema_version": 0,
          "attributes": {
            "acl": null,
            "arn": "arn:aws:s3:::gjd-crc-prod-bucket/assets/webfonts/fa-solid-900.eot",
            "bucket": "gjd-crc-prod-bucket",
            "bucket_key_enabled": false,
            "cache_control": "",
            "checksum_algorithm": null,
            "checksum_crc32": "",
            "checksum_crc32c": "",
            "checksum_sha1": "",
            "checksum_sha256": "",
            "content": null,
            "content_base64": null,
            "content_disposition": "",
            "content_encoding": "",
            "content_language": "",
            "content_type": "application/vnd.ms-fontobject",
            "etag": "0c6bfc668a72935760178f91327aed3a",
            "force_destroy": false,
            "id": "assets/webfonts/fa-solid-900.eot",
            "key": "assets/webfonts/fa-solid-900.eot",
            "kms_key_id": null,
            "metadata": {},
            "object_lock_legal_hold_status": "",
            "object_lock_mode": "",
            "object_lock_retain_until_date": "",
            "override_provider": [],
            "server_side_encryption": "AES256",
            "source": "C:/Users/gregp/OneDrive/Documents/CloudResume/aws-cloud-resume-challenge/website/assets/webfonts/fa-solid-900.eot",
            "source_hash": null,
            "storage_class": "STANDARD",
            "tags": {},
            "tags_all": {},
            "version_id": "",
            "website_redirect": ""
          },
          "sensitive_attributes": [],
          "private": "bnVsbA==",
          "dependencies": [
            "aws_s3_bucket.gjd_crc_prod_bucket"
          ]
        },
        {
          "index_key": "assets/webfonts/fa-solid-900.svg",
          "schema_version": 0,
          "attributes": {
            "acl": null,
            "arn": "arn:aws:s3:::gjd-crc-prod-bucket/assets/webfonts/fa-solid-900.svg",
            "bucket": "gjd-crc-prod-bucket",
            "bucket_key_enabled": false,
            "cache_control": "",
            "checksum_algorithm": null,
            "checksum_crc32": "",
            "checksum_crc32c": "",
            "checksum_sha1": "",
            "checksum_sha256": "",
            "content": null,
            "content_base64": null,
            "content_disposition": "",
            "content_encoding": "",
            "content_language": "",
            "content_type": "image/svg+xml",
            "etag": "37bc7099f6f1ba80236164f22e905837",
            "force_destroy": false,
            "id": "assets/webfonts/fa-solid-900.svg",
            "key": "assets/webfonts/fa-solid-900.svg",
            "kms_key_id": null,
            "metadata": {},
            "object_lock_legal_hold_status": "",
            "object_lock_mode": "",
            "object_lock_retain_until_date": "",
            "override_provider": [],
            "server_side_encryption": "AES256",
            "source": "C:/Users/gregp/OneDrive/Documents/CloudResume/aws-cloud-resume-challenge/website/assets/webfonts/fa-solid-900.svg",
            "source_hash": null,
            "storage_class": "STANDARD",
            "tags": {},
            "tags_all": {},
            "version_id": "",
            "website_redirect": ""
          },
          "sensitive_attributes": [],
          "private": "bnVsbA==",
          "dependencies": [
            "aws_s3_bucket.gjd_crc_prod_bucket"
          ]
        },
        {
          "index_key": "assets/webfonts/fa-solid-900.ttf",
          "schema_version": 0,
          "attributes": {
            "acl": null,
            "arn": "arn:aws:s3:::gjd-crc-prod-bucket/assets/webfonts/fa-solid-900.ttf",
            "bucket": "gjd-crc-prod-bucket",
            "bucket_key_enabled": false,
            "cache_control": "",
            "checksum_algorithm": null,
            "checksum_crc32": "",
            "checksum_crc32c": "",
            "checksum_sha1": "",
            "checksum_sha256": "",
            "content": null,
            "content_base64": null,
            "content_disposition": "",
            "content_encoding": "",
            "content_language": "",
            "content_type": "font/ttf",
            "etag": "b9625119ce4300f0ef890a8f3234c773",
            "force_destroy": false,
            "id": "assets/webfonts/fa-solid-900.ttf",
            "key": "assets/webfonts/fa-solid-900.ttf",
            "kms_key_id": null,
            "metadata": {},
            "object_lock_legal_hold_status": "",
            "object_lock_mode": "",
            "object_lock_retain_until_date": "",
            "override_provider": [],
            "server_side_encryption": "AES256",
            "source": "C:/Users/gregp/OneDrive/Documents/CloudResume/aws-cloud-resume-challenge/website/assets/webfonts/fa-solid-900.ttf",
            "source_hash": null,
            "storage_class": "STANDARD",
            "tags": {},
            "tags_all": {},
            "version_id": "",
            "website_redirect": ""
          },
          "sensitive_attributes": [],
          "private": "bnVsbA==",
          "dependencies": [
            "aws_s3_bucket.gjd_crc_prod_bucket"
          ]
        },
        {
          "index_key": "assets/webfonts/fa-solid-900.woff",
          "schema_version": 0,
          "attributes": {
            "acl": null,
            "arn": "arn:aws:s3:::gjd-crc-prod-bucket/assets/webfonts/fa-solid-900.woff",
            "bucket": "gjd-crc-prod-bucket",
            "bucket_key_enabled": false,
            "cache_control": "",
            "checksum_algorithm": null,
            "checksum_crc32": "",
            "checksum_crc32c": "",
            "checksum_sha1": "",
            "checksum_sha256": "",
            "content": null,
            "content_base64": null,
            "content_disposition": "",
            "content_encoding": "",
            "content_language": "",
            "content_type": "font/woff",
            "etag": "d745348d289b149026921f197929a893",
            "force_destroy": false,
            "id": "assets/webfonts/fa-solid-900.woff",
            "key": "assets/webfonts/fa-solid-900.woff",
            "kms_key_id": null,
            "metadata": {},
            "object_lock_legal_hold_status": "",
            "object_lock_mode": "",
            "object_lock_retain_until_date": "",
            "override_provider": [],
            "server_side_encryption": "AES256",
            "source": "C:/Users/gregp/OneDrive/Documents/CloudResume/aws-cloud-resume-challenge/website/assets/webfonts/fa-solid-900.woff",
            "source_hash": null,
            "storage_class": "STANDARD",
            "tags": {},
            "tags_all": {},
            "version_id": "",
            "website_redirect": ""
          },
          "sensitive_attributes": [],
          "private": "bnVsbA==",
          "dependencies": [
            "aws_s3_bucket.gjd_crc_prod_bucket"
          ]
        },
        {
          "index_key": "assets/webfonts/fa-solid-900.woff2",
          "schema_version": 0,
          "attributes": {
            "acl": null,
            "arn": "arn:aws:s3:::gjd-crc-prod-bucket/assets/webfonts/fa-solid-900.woff2",
            "bucket": "gjd-crc-prod-bucket",
            "bucket_key_enabled": false,
            "cache_control": "",
            "checksum_algorithm": null,
            "checksum_crc32": "",
            "checksum_crc32c": "",
            "checksum_sha1": "",
            "checksum_sha256": "",
            "content": null,
            "content_base64": null,
            "content_disposition": "",
            "content_encoding": "",
            "content_language": "",
            "content_type": "font/woff2",
            "etag": "d824df7eb2e268626a2dd9a6a741ac4e",
            "force_destroy": false,
            "id": "assets/webfonts/fa-solid-900.woff2",
            "key": "assets/webfonts/fa-solid-900.woff2",
            "kms_key_id": null,
            "metadata": {},
            "object_lock_legal_hold_status": "",
            "object_lock_mode": "",
            "object_lock_retain_until_date": "",
            "override_provider": [],
            "server_side_encryption": "AES256",
            "source": "C:/Users/gregp/OneDrive/Documents/CloudResume/aws-cloud-resume-challenge/website/assets/webfonts/fa-solid-900.woff2",
            "source_hash": null,
            "storage_class": "STANDARD",
            "tags": {},
            "tags_all": {},
            "version_id": "",
            "website_redirect": ""
          },
          "sensitive_attributes": [],
          "private": "bnVsbA==",
          "dependencies": [
            "aws_s3_bucket.gjd_crc_prod_bucket"
          ]
        },
        {
          "index_key": "images/avatar.jpg",
          "schema_version": 0,
          "attributes": {
            "acl": null,
            "arn": "arn:aws:s3:::gjd-crc-prod-bucket/images/avatar.jpg",
            "bucket": "gjd-crc-prod-bucket",
            "bucket_key_enabled": false,
            "cache_control": "",
            "checksum_algorithm": null,
            "checksum_crc32": "",
            "checksum_crc32c": "",
            "checksum_sha1": "",
            "checksum_sha256": "",
            "content": null,
            "content_base64": null,
            "content_disposition": "",
            "content_encoding": "",
            "content_language": "",
            "content_type": "image/jpeg",
            "etag": "72f4832164cd0f8eb61c8b34552f700d",
            "force_destroy": false,
            "id": "images/avatar.jpg",
            "key": "images/avatar.jpg",
            "kms_key_id": null,
            "metadata": {},
            "object_lock_legal_hold_status": "",
            "object_lock_mode": "",
            "object_lock_retain_until_date": "",
            "override_provider": [],
            "server_side_encryption": "AES256",
            "source": "C:/Users/gregp/OneDrive/Documents/CloudResume/aws-cloud-resume-challenge/website/images/avatar.jpg",
            "source_hash": null,
            "storage_class": "STANDARD",
            "tags": {},
            "tags_all": {},
            "version_id": "",
            "website_redirect": ""
          },
          "sensitive_attributes": [],
          "private": "bnVsbA==",
          "dependencies": [
            "aws_s3_bucket.gjd_crc_prod_bucket"
          ]
        },
        {
          "index_key": "images/aws-certified-cloud-practitioner.png",
          "schema_version": 0,
          "attributes": {
            "acl": null,
            "arn": "arn:aws:s3:::gjd-crc-prod-bucket/images/aws-certified-cloud-practitioner.png",
            "bucket": "gjd-crc-prod-bucket",
            "bucket_key_enabled": false,
            "cache_control": "",
            "checksum_algorithm": null,
            "checksum_crc32": "",
            "checksum_crc32c": "",
            "checksum_sha1": "",
            "checksum_sha256": "",
            "content": null,
            "content_base64": null,
            "content_disposition": "",
            "content_encoding": "",
            "content_language": "",
            "content_type": "image/png",
            "etag": "05dd725e2ab1f26db21a16808f854f74",
            "force_destroy": false,
            "id": "images/aws-certified-cloud-practitioner.png",
            "key": "images/aws-certified-cloud-practitioner.png",
            "kms_key_id": null,
            "metadata": {},
            "object_lock_legal_hold_status": "",
            "object_lock_mode": "",
            "object_lock_retain_until_date": "",
            "override_provider": [],
            "server_side_encryption": "AES256",
            "source": "C:/Users/gregp/OneDrive/Documents/CloudResume/aws-cloud-resume-challenge/website/images/aws-certified-cloud-practitioner.png",
            "source_hash": null,
            "storage_class": "STANDARD",
            "tags": {},
            "tags_all": {},
            "version_id": "",
            "website_redirect": ""
          },
          "sensitive_attributes": [],
          "private": "bnVsbA==",
          "dependencies": [
            "aws_s3_bucket.gjd_crc_prod_bucket"
          ]
        },
        {
          "index_key": "images/banner.jpg",
          "schema_version": 0,
          "attributes": {
            "acl": null,
            "arn": "arn:aws:s3:::gjd-crc-prod-bucket/images/banner.jpg",
            "bucket": "gjd-crc-prod-bucket",
            "bucket_key_enabled": false,
            "cache_control": "",
            "checksum_algorithm": null,
            "checksum_crc32": "",
            "checksum_crc32c": "",
            "checksum_sha1": "",
            "checksum_sha256": "",
            "content": null,
            "content_base64": null,
            "content_disposition": "",
            "content_encoding": "",
            "content_language": "",
            "content_type": "image/jpeg",
            "etag": "b9ee665c2dea1b06e7fa5419336e39e0",
            "force_destroy": false,
            "id": "images/banner.jpg",
            "key": "images/banner.jpg",
            "kms_key_id": null,
            "metadata": {},
            "object_lock_legal_hold_status": "",
            "object_lock_mode": "",
            "object_lock_retain_until_date": "",
            "override_provider": [],
            "server_side_encryption": "AES256",
            "source": "C:/Users/gregp/OneDrive/Documents/CloudResume/aws-cloud-resume-challenge/website/images/banner.jpg",
            "source_hash": null,
            "storage_class": "STANDARD",
            "tags": {},
            "tags_all": {},
            "version_id": "",
            "website_redirect": ""
          },
          "sensitive_attributes": [],
          "private": "bnVsbA==",
          "dependencies": [
            "aws_s3_bucket.gjd_crc_prod_bucket"
          ]
        },
        {
          "index_key": "images/dumpster_fire.ico",
          "schema_version": 0,
          "attributes": {
            "acl": null,
            "arn": "arn:aws:s3:::gjd-crc-prod-bucket/images/dumpster_fire.ico",
            "bucket": "gjd-crc-prod-bucket",
            "bucket_key_enabled": false,
            "cache_control": "",
            "checksum_algorithm": null,
            "checksum_crc32": "",
            "checksum_crc32c": "",
            "checksum_sha1": "",
            "checksum_sha256": "",
            "content": null,
            "content_base64": null,
            "content_disposition": "",
            "content_encoding": "",
            "content_language": "",
            "content_type": "image/vnd.microsoft.icon",
            "etag": "1f1a7311dd05a9a2cb92c37e9c353d3d",
            "force_destroy": false,
            "id": "images/dumpster_fire.ico",
            "key": "images/dumpster_fire.ico",
            "kms_key_id": null,
            "metadata": {},
            "object_lock_legal_hold_status": "",
            "object_lock_mode": "",
            "object_lock_retain_until_date": "",
            "override_provider": [],
            "server_side_encryption": "AES256",
            "source": "C:/Users/gregp/OneDrive/Documents/CloudResume/aws-cloud-resume-challenge/website/images/dumpster_fire.ico",
            "source_hash": null,
            "storage_class": "STANDARD",
            "tags": {},
            "tags_all": {},
            "version_id": "",
            "website_redirect": ""
          },
          "sensitive_attributes": [],
          "private": "bnVsbA==",
          "dependencies": [
            "aws_s3_bucket.gjd_crc_prod_bucket"
          ]
        },
        {
          "index_key": "images/microsoft.gif",
          "schema_version": 0,
          "attributes": {
            "acl": null,
            "arn": "arn:aws:s3:::gjd-crc-prod-bucket/images/microsoft.gif",
            "bucket": "gjd-crc-prod-bucket",
            "bucket_key_enabled": false,
            "cache_control": "",
            "checksum_algorithm": null,
            "checksum_crc32": "",
            "checksum_crc32c": "",
            "checksum_sha1": "",
            "checksum_sha256": "",
            "content": null,
            "content_base64": null,
            "content_disposition": "",
            "content_encoding": "",
            "content_language": "",
            "content_type": "image/gif",
            "etag": "ae0ff7605c9a96c05a818afc561a17c6",
            "force_destroy": false,
            "id": "images/microsoft.gif",
            "key": "images/microsoft.gif",
            "kms_key_id": null,
            "metadata": {},
            "object_lock_legal_hold_status": "",
            "object_lock_mode": "",
            "object_lock_retain_until_date": "",
            "override_provider": [],
            "server_side_encryption": "AES256",
            "source": "C:/Users/gregp/OneDrive/Documents/CloudResume/aws-cloud-resume-challenge/website/images/microsoft.gif",
            "source_hash": null,
            "storage_class": "STANDARD",
            "tags": {},
            "tags_all": {},
            "version_id": "",
            "website_redirect": ""
          },
          "sensitive_attributes": [],
          "private": "bnVsbA==",
          "dependencies": [
            "aws_s3_bucket.gjd_crc_prod_bucket"
          ]
        },
        {
          "index_key": "images/pic02.jpg",
          "schema_version": 0,
          "attributes": {
            "acl": null,
            "arn": "arn:aws:s3:::gjd-crc-prod-bucket/images/pic02.jpg",
            "bucket": "gjd-crc-prod-bucket",
            "bucket_key_enabled": false,
            "cache_control": "",
            "checksum_algorithm": null,
            "checksum_crc32": "",
            "checksum_crc32c": "",
            "checksum_sha1": "",
            "checksum_sha256": "",
            "content": null,
            "content_base64": null,
            "content_disposition": "",
            "content_encoding": "",
            "content_language": "",
            "content_type": "image/jpeg",
            "etag": "94d7c6f7aff9444ba970bccb9276b68d",
            "force_destroy": false,
            "id": "images/pic02.jpg",
            "key": "images/pic02.jpg",
            "kms_key_id": null,
            "metadata": {},
            "object_lock_legal_hold_status": "",
            "object_lock_mode": "",
            "object_lock_retain_until_date": "",
            "override_provider": [],
            "server_side_encryption": "AES256",
            "source": "C:/Users/gregp/OneDrive/Documents/CloudResume/aws-cloud-resume-challenge/website/images/pic02.jpg",
            "source_hash": null,
            "storage_class": "STANDARD",
            "tags": {},
            "tags_all": {},
            "version_id": "",
            "website_redirect": ""
          },
          "sensitive_attributes": [],
          "private": "bnVsbA==",
          "dependencies": [
            "aws_s3_bucket.gjd_crc_prod_bucket"
          ]
        },
        {
          "index_key": "images/pic03.jpg",
          "schema_version": 0,
          "attributes": {
            "acl": null,
            "arn": "arn:aws:s3:::gjd-crc-prod-bucket/images/pic03.jpg",
            "bucket": "gjd-crc-prod-bucket",
            "bucket_key_enabled": false,
            "cache_control": "",
            "checksum_algorithm": null,
            "checksum_crc32": "",
            "checksum_crc32c": "",
            "checksum_sha1": "",
            "checksum_sha256": "",
            "content": null,
            "content_base64": null,
            "content_disposition": "",
            "content_encoding": "",
            "content_language": "",
            "content_type": "image/jpeg",
            "etag": "4ad678e16d88aa7c5155c6340db88064",
            "force_destroy": false,
            "id": "images/pic03.jpg",
            "key": "images/pic03.jpg",
            "kms_key_id": null,
            "metadata": {},
            "object_lock_legal_hold_status": "",
            "object_lock_mode": "",
            "object_lock_retain_until_date": "",
            "override_provider": [],
            "server_side_encryption": "AES256",
            "source": "C:/Users/gregp/OneDrive/Documents/CloudResume/aws-cloud-resume-challenge/website/images/pic03.jpg",
            "source_hash": null,
            "storage_class": "STANDARD",
            "tags": {},
            "tags_all": {},
            "version_id": "",
            "website_redirect": ""
          },
          "sensitive_attributes": [],
          "private": "bnVsbA==",
          "dependencies": [
            "aws_s3_bucket.gjd_crc_prod_bucket"
          ]
        },
        {
          "index_key": "images/pic04.jpg",
          "schema_version": 0,
          "attributes": {
            "acl": null,
            "arn": "arn:aws:s3:::gjd-crc-prod-bucket/images/pic04.jpg",
            "bucket": "gjd-crc-prod-bucket",
            "bucket_key_enabled": false,
            "cache_control": "",
            "checksum_algorithm": null,
            "checksum_crc32": "",
            "checksum_crc32c": "",
            "checksum_sha1": "",
            "checksum_sha256": "",
            "content": null,
            "content_base64": null,
            "content_disposition": "",
            "content_encoding": "",
            "content_language": "",
            "content_type": "image/jpeg",
            "etag": "0f978ead34f7c7c78fa43a326dc38237",
            "force_destroy": false,
            "id": "images/pic04.jpg",
            "key": "images/pic04.jpg",
            "kms_key_id": null,
            "metadata": {},
            "object_lock_legal_hold_status": "",
            "object_lock_mode": "",
            "object_lock_retain_until_date": "",
            "override_provider": [],
            "server_side_encryption": "AES256",
            "source": "C:/Users/gregp/OneDrive/Documents/CloudResume/aws-cloud-resume-challenge/website/images/pic04.jpg",
            "source_hash": null,
            "storage_class": "STANDARD",
            "tags": {},
            "tags_all": {},
            "version_id": "",
            "website_redirect": ""
          },
          "sensitive_attributes": [],
          "private": "bnVsbA==",
          "dependencies": [
            "aws_s3_bucket.gjd_crc_prod_bucket"
          ]
        },
        {
          "index_key": "images/pic05.jpg",
          "schema_version": 0,
          "attributes": {
            "acl": null,
            "arn": "arn:aws:s3:::gjd-crc-prod-bucket/images/pic05.jpg",
            "bucket": "gjd-crc-prod-bucket",
            "bucket_key_enabled": false,
            "cache_control": "",
            "checksum_algorithm": null,
            "checksum_crc32": "",
            "checksum_crc32c": "",
            "checksum_sha1": "",
            "checksum_sha256": "",
            "content": null,
            "content_base64": null,
            "content_disposition": "",
            "content_encoding": "",
            "content_language": "",
            "content_type": "image/jpeg",
            "etag": "7c42c7fcd68369aa792e01845863ae20",
            "force_destroy": false,
            "id": "images/pic05.jpg",
            "key": "images/pic05.jpg",
            "kms_key_id": null,
            "metadata": {},
            "object_lock_legal_hold_status": "",
            "object_lock_mode": "",
            "object_lock_retain_until_date": "",
            "override_provider": [],
            "server_side_encryption": "AES256",
            "source": "C:/Users/gregp/OneDrive/Documents/CloudResume/aws-cloud-resume-challenge/website/images/pic05.jpg",
            "source_hash": null,
            "storage_class": "STANDARD",
            "tags": {},
            "tags_all": {},
            "version_id": "",
            "website_redirect": ""
          },
          "sensitive_attributes": [],
          "private": "bnVsbA==",
          "dependencies": [
            "aws_s3_bucket.gjd_crc_prod_bucket"
          ]
        },
        {
          "index_key": "images/pic06.jpg",
          "schema_version": 0,
          "attributes": {
            "acl": null,
            "arn": "arn:aws:s3:::gjd-crc-prod-bucket/images/pic06.jpg",
            "bucket": "gjd-crc-prod-bucket",
            "bucket_key_enabled": false,
            "cache_control": "",
            "checksum_algorithm": null,
            "checksum_crc32": "",
            "checksum_crc32c": "",
            "checksum_sha1": "",
            "checksum_sha256": "",
            "content": null,
            "content_base64": null,
            "content_disposition": "",
            "content_encoding": "",
            "content_language": "",
            "content_type": "image/jpeg",
            "etag": "9c3e565a83655a1aee9488c0becf21f9",
            "force_destroy": false,
            "id": "images/pic06.jpg",
            "key": "images/pic06.jpg",
            "kms_key_id": null,
            "metadata": {},
            "object_lock_legal_hold_status": "",
            "object_lock_mode": "",
            "object_lock_retain_until_date": "",
            "override_provider": [],
            "server_side_encryption": "AES256",
            "source": "C:/Users/gregp/OneDrive/Documents/CloudResume/aws-cloud-resume-challenge/website/images/pic06.jpg",
            "source_hash": null,
            "storage_class": "STANDARD",
            "tags": {},
            "tags_all": {},
            "version_id": "",
            "website_redirect": ""
          },
          "sensitive_attributes": [],
          "private": "bnVsbA==",
          "dependencies": [
            "aws_s3_bucket.gjd_crc_prod_bucket"
          ]
        },
        {
          "index_key": "images/pic07.jpg",
          "schema_version": 0,
          "attributes": {
            "acl": null,
            "arn": "arn:aws:s3:::gjd-crc-prod-bucket/images/pic07.jpg",
            "bucket": "gjd-crc-prod-bucket",
            "bucket_key_enabled": false,
            "cache_control": "",
            "checksum_algorithm": null,
            "checksum_crc32": "",
            "checksum_crc32c": "",
            "checksum_sha1": "",
            "checksum_sha256": "",
            "content": null,
            "content_base64": null,
            "content_disposition": "",
            "content_encoding": "",
            "content_language": "",
            "content_type": "image/jpeg",
            "etag": "d585f3cebb7d5da74c4ad1c275d594b4",
            "force_destroy": false,
            "id": "images/pic07.jpg",
            "key": "images/pic07.jpg",
            "kms_key_id": null,
            "metadata": {},
            "object_lock_legal_hold_status": "",
            "object_lock_mode": "",
            "object_lock_retain_until_date": "",
            "override_provider": [],
            "server_side_encryption": "AES256",
            "source": "C:/Users/gregp/OneDrive/Documents/CloudResume/aws-cloud-resume-challenge/website/images/pic07.jpg",
            "source_hash": null,
            "storage_class": "STANDARD",
            "tags": {},
            "tags_all": {},
            "version_id": "",
            "website_redirect": ""
          },
          "sensitive_attributes": [],
          "private": "bnVsbA==",
          "dependencies": [
            "aws_s3_bucket.gjd_crc_prod_bucket"
          ]
        },
        {
          "index_key": "images/pic08.jpg",
          "schema_version": 0,
          "attributes": {
            "acl": null,
            "arn": "arn:aws:s3:::gjd-crc-prod-bucket/images/pic08.jpg",
            "bucket": "gjd-crc-prod-bucket",
            "bucket_key_enabled": false,
            "cache_control": "",
            "checksum_algorithm": null,
            "checksum_crc32": "",
            "checksum_crc32c": "",
            "checksum_sha1": "",
            "checksum_sha256": "",
            "content": null,
            "content_base64": null,
            "content_disposition": "",
            "content_encoding": "",
            "content_language": "",
            "content_type": "image/jpeg",
            "etag": "ccecd27dc33732137a0b5200f616e4a2",
            "force_destroy": false,
            "id": "images/pic08.jpg",
            "key": "images/pic08.jpg",
            "kms_key_id": null,
            "metadata": {},
            "object_lock_legal_hold_status": "",
            "object_lock_mode": "",
            "object_lock_retain_until_date": "",
            "override_provider": [],
            "server_side_encryption": "AES256",
            "source": "C:/Users/gregp/OneDrive/Documents/CloudResume/aws-cloud-resume-challenge/website/images/pic08.jpg",
            "source_hash": null,
            "storage_class": "STANDARD",
            "tags": {},
            "tags_all": {},
            "version_id": "",
            "website_redirect": ""
          },
          "sensitive_attributes": [],
          "private": "bnVsbA==",
          "dependencies": [
            "aws_s3_bucket.gjd_crc_prod_bucket"
          ]
        },
        {
          "index_key": "images/shg.gif",
          "schema_version": 0,
          "attributes": {
            "acl": null,
            "arn": "arn:aws:s3:::gjd-crc-prod-bucket/images/shg.gif",
            "bucket": "gjd-crc-prod-bucket",
            "bucket_key_enabled": false,
            "cache_control": "",
            "checksum_algorithm": null,
            "checksum_crc32": "",
            "checksum_crc32c": "",
            "checksum_sha1": "",
            "checksum_sha256": "",
            "content": null,
            "content_base64": null,
            "content_disposition": "",
            "content_encoding": "",
            "content_language": "",
            "content_type": "image/gif",
            "etag": "76781870af6e48d65e44c4e80608a92d",
            "force_destroy": false,
            "id": "images/shg.gif",
            "key": "images/shg.gif",
            "kms_key_id": null,
            "metadata": {},
            "object_lock_legal_hold_status": "",
            "object_lock_mode": "",
            "object_lock_retain_until_date": "",
            "override_provider": [],
            "server_side_encryption": "AES256",
            "source": "C:/Users/gregp/OneDrive/Documents/CloudResume/aws-cloud-resume-challenge/website/images/shg.gif",
            "source_hash": null,
            "storage_class": "STANDARD",
            "tags": {},
            "tags_all": {},
            "version_id": "",
            "website_redirect": ""
          },
          "sensitive_attributes": [],
          "private": "bnVsbA==",
          "dependencies": [
            "aws_s3_bucket.gjd_crc_prod_bucket"
          ]
        },
        {
          "index_key": "index.html",
          "schema_version": 0,
          "attributes": {
            "acl": null,
            "arn": "arn:aws:s3:::gjd-crc-prod-bucket/index.html",
            "bucket": "gjd-crc-prod-bucket",
            "bucket_key_enabled": false,
            "cache_control": "",
            "checksum_algorithm": null,
            "checksum_crc32": "",
            "checksum_crc32c": "",
            "checksum_sha1": "",
            "checksum_sha256": "",
            "content": null,
            "content_base64": null,
            "content_disposition": "",
            "content_encoding": "",
            "content_language": "",
            "content_type": "text/html; charset=utf-8",
            "etag": "5c25b906986c38d6759ac2877cb460a2",
            "force_destroy": false,
            "id": "index.html",
            "key": "index.html",
            "kms_key_id": null,
            "metadata": {},
            "object_lock_legal_hold_status": "",
            "object_lock_mode": "",
            "object_lock_retain_until_date": "",
            "override_provider": [],
            "server_side_encryption": "AES256",
            "source": "C:/Users/gregp/OneDrive/Documents/CloudResume/aws-cloud-resume-challenge/website/index.html",
            "source_hash": null,
            "storage_class": "STANDARD",
            "tags": {},
            "tags_all": {},
            "version_id": "",
            "website_redirect": ""
          },
          "sensitive_attributes": [],
          "private": "bnVsbA==",
          "dependencies": [
            "aws_s3_bucket.gjd_crc_prod_bucket"
          ]
        }
      ]
    }
  ],
  "check_results": null
}
